
Microsoft Visual Studio Solution File, Format Version 12.00
# Visual Studio Version 16
VisualStudioVersion = 16.0.29926.136
MinimumVisualStudioVersion = 10.0.40219.1
Project("{FAE04EC0-301F-11D3-BF4B-00C04F79EFBC}") = "VirusTotalNet", "VirusTotalNet\VirusTotalNet.csproj", "{38F569A8-0EC8-4295-9303-1E151D140BAF}"
EndProject
Project("{2150E333-8FDC-42A3-9474-1A3956D46DE8}") = "VirusTotalNetProject", "VirusTotalNetProject", "{C5879EDC-EDF8-47DA-838A-12AB0F5568AB}"
EndProject
Project("{FAE04EC0-301F-11D3-BF4B-00C04F79EFBC}") = "VirustTotalNet.Examples", "VirustTotalNet.Examples\VirustTotalNet.Examples.csproj", "{7A51194F-5353-43A0-851E-2A38AFC001FC}"
EndProject
Project("{FAE04EC0-301F-11D3-BF4B-00C04F79EFBC}") = "VirusTotalNet.Tests", "VirusTotalNet.Tests\VirusTotalNet.Tests.csproj", "{16CDEFC7-8D17-42E0-B878-8F4A62F0C7B6}"
EndProject
Project("{9A19103F-16F7-4668-BE54-9A1E7A4F7556}") = "StaticAnalysisProject.Lib", "StaticAnalysisProjectCore\StaticAnalysisProject.Lib.csproj", "{123BCB18-6D39-42D5-B8F9-E02935A60BE4}"
EndProject
Project("{9A19103F-16F7-4668-BE54-9A1E7A4F7556}") = "DP-Tests", "DP.Tests\DP-Tests.csproj", "{92DF56B3-E029-4271-9408-5020A4D34475}"
EndProject
Project("{9A19103F-16F7-4668-BE54-9A1E7A4F7556}") = "StaticAnalysisProject.Web", "StaticAnalysisProject.Web\StaticAnalysisProject.Web.csproj", "{5E1D8603-DF48-497C-A551-FC52B78BF187}"
EndProject
Global
	GlobalSection(SolutionConfigurationPlatforms) = preSolution
		Debug|Any CPU = Debug|Any CPU
		Debug|ARM = Debug|ARM
		Debug|ARM64 = Debug|ARM64
		Debug|x64 = Debug|x64
		Debug|x86 = Debug|x86
		MinSizeRel|Any CPU = MinSizeRel|Any CPU
		MinSizeRel|ARM = MinSizeRel|ARM
		MinSizeRel|ARM64 = MinSizeRel|ARM64
		MinSizeRel|x64 = MinSizeRel|x64
		MinSizeRel|x86 = MinSizeRel|x86
		Release|Any CPU = Release|Any CPU
		Release|ARM = Release|ARM
		Release|ARM64 = Release|ARM64
		Release|x64 = Release|x64
		Release|x86 = Release|x86
		RelWithDebInfo|Any CPU = RelWithDebInfo|Any CPU
		RelWithDebInfo|ARM = RelWithDebInfo|ARM
		RelWithDebInfo|ARM64 = RelWithDebInfo|ARM64
		RelWithDebInfo|x64 = RelWithDebInfo|x64
		RelWithDebInfo|x86 = RelWithDebInfo|x86
	EndGlobalSection
	GlobalSection(ProjectConfigurationPlatforms) = postSolution
		{38F569A8-0EC8-4295-9303-1E151D140BAF}.Debug|Any CPU.ActiveCfg = Debug|Any CPU
		{38F569A8-0EC8-4295-9303-1E151D140BAF}.Debug|Any CPU.Build.0 = Debug|Any CPU
		{38F569A8-0EC8-4295-9303-1E151D140BAF}.Debug|ARM.ActiveCfg = Debug|Any CPU
		{38F569A8-0EC8-4295-9303-1E151D140BAF}.Debug|ARM.Build.0 = Debug|Any CPU
		{38F569A8-0EC8-4295-9303-1E151D140BAF}.Debug|ARM64.ActiveCfg = Debug|Any CPU
		{38F569A8-0EC8-4295-9303-1E151D140BAF}.Debug|ARM64.Build.0 = Debug|Any CPU
		{38F569A8-0EC8-4295-9303-1E151D140BAF}.Debug|x64.ActiveCfg = Debug|Any CPU
		{38F569A8-0EC8-4295-9303-1E151D140BAF}.Debug|x64.Build.0 = Debug|Any CPU
		{38F569A8-0EC8-4295-9303-1E151D140BAF}.Debug|x86.ActiveCfg = Debug|Any CPU
		{38F569A8-0EC8-4295-9303-1E151D140BAF}.Debug|x86.Build.0 = Debug|Any CPU
		{38F569A8-0EC8-4295-9303-1E151D140BAF}.MinSizeRel|Any CPU.ActiveCfg = Release|Any CPU
		{38F569A8-0EC8-4295-9303-1E151D140BAF}.MinSizeRel|Any CPU.Build.0 = Release|Any CPU
		{38F569A8-0EC8-4295-9303-1E151D140BAF}.MinSizeRel|ARM.ActiveCfg = Release|Any CPU
		{38F569A8-0EC8-4295-9303-1E151D140BAF}.MinSizeRel|ARM.Build.0 = Release|Any CPU
		{38F569A8-0EC8-4295-9303-1E151D140BAF}.MinSizeRel|ARM64.ActiveCfg = Release|Any CPU
		{38F569A8-0EC8-4295-9303-1E151D140BAF}.MinSizeRel|ARM64.Build.0 = Release|Any CPU
		{38F569A8-0EC8-4295-9303-1E151D140BAF}.MinSizeRel|x64.ActiveCfg = Release|Any CPU
		{38F569A8-0EC8-4295-9303-1E151D140BAF}.MinSizeRel|x64.Build.0 = Release|Any CPU
		{38F569A8-0EC8-4295-9303-1E151D140BAF}.MinSizeRel|x86.ActiveCfg = Release|Any CPU
		{38F569A8-0EC8-4295-9303-1E151D140BAF}.MinSizeRel|x86.Build.0 = Release|Any CPU
		{38F569A8-0EC8-4295-9303-1E151D140BAF}.Release|Any CPU.ActiveCfg = Release|Any CPU
		{38F569A8-0EC8-4295-9303-1E151D140BAF}.Release|Any CPU.Build.0 = Release|Any CPU
		{38F569A8-0EC8-4295-9303-1E151D140BAF}.Release|ARM.ActiveCfg = Release|Any CPU
		{38F569A8-0EC8-4295-9303-1E151D140BAF}.Release|ARM.Build.0 = Release|Any CPU
		{38F569A8-0EC8-4295-9303-1E151D140BAF}.Release|ARM64.ActiveCfg = Release|Any CPU
		{38F569A8-0EC8-4295-9303-1E151D140BAF}.Release|ARM64.Build.0 = Release|Any CPU
		{38F569A8-0EC8-4295-9303-1E151D140BAF}.Release|x64.ActiveCfg = Release|Any CPU
		{38F569A8-0EC8-4295-9303-1E151D140BAF}.Release|x64.Build.0 = Release|Any CPU
		{38F569A8-0EC8-4295-9303-1E151D140BAF}.Release|x86.ActiveCfg = Release|Any CPU
		{38F569A8-0EC8-4295-9303-1E151D140BAF}.Release|x86.Build.0 = Release|Any CPU
		{38F569A8-0EC8-4295-9303-1E151D140BAF}.RelWithDebInfo|Any CPU.ActiveCfg = Release|Any CPU
		{38F569A8-0EC8-4295-9303-1E151D140BAF}.RelWithDebInfo|Any CPU.Build.0 = Release|Any CPU
		{38F569A8-0EC8-4295-9303-1E151D140BAF}.RelWithDebInfo|ARM.ActiveCfg = Release|Any CPU
		{38F569A8-0EC8-4295-9303-1E151D140BAF}.RelWithDebInfo|ARM.Build.0 = Release|Any CPU
		{38F569A8-0EC8-4295-9303-1E151D140BAF}.RelWithDebInfo|ARM64.ActiveCfg = Release|Any CPU
		{38F569A8-0EC8-4295-9303-1E151D140BAF}.RelWithDebInfo|ARM64.Build.0 = Release|Any CPU
		{38F569A8-0EC8-4295-9303-1E151D140BAF}.RelWithDebInfo|x64.ActiveCfg = Release|Any CPU
		{38F569A8-0EC8-4295-9303-1E151D140BAF}.RelWithDebInfo|x64.Build.0 = Release|Any CPU
		{38F569A8-0EC8-4295-9303-1E151D140BAF}.RelWithDebInfo|x86.ActiveCfg = Release|Any CPU
		{38F569A8-0EC8-4295-9303-1E151D140BAF}.RelWithDebInfo|x86.Build.0 = Release|Any CPU
		{7A51194F-5353-43A0-851E-2A38AFC001FC}.Debug|Any CPU.ActiveCfg = Debug|Any CPU
		{7A51194F-5353-43A0-851E-2A38AFC001FC}.Debug|Any CPU.Build.0 = Debug|Any CPU
		{7A51194F-5353-43A0-851E-2A38AFC001FC}.Debug|ARM.ActiveCfg = Debug|Any CPU
		{7A51194F-5353-43A0-851E-2A38AFC001FC}.Debug|ARM.Build.0 = Debug|Any CPU
		{7A51194F-5353-43A0-851E-2A38AFC001FC}.Debug|ARM64.ActiveCfg = Debug|Any CPU
		{7A51194F-5353-43A0-851E-2A38AFC001FC}.Debug|ARM64.Build.0 = Debug|Any CPU
		{7A51194F-5353-43A0-851E-2A38AFC001FC}.Debug|x64.ActiveCfg = Debug|Any CPU
		{7A51194F-5353-43A0-851E-2A38AFC001FC}.Debug|x64.Build.0 = Debug|Any CPU
		{7A51194F-5353-43A0-851E-2A38AFC001FC}.Debug|x86.ActiveCfg = Debug|Any CPU
		{7A51194F-5353-43A0-851E-2A38AFC001FC}.Debug|x86.Build.0 = Debug|Any CPU
		{7A51194F-5353-43A0-851E-2A38AFC001FC}.MinSizeRel|Any CPU.ActiveCfg = Release|Any CPU
		{7A51194F-5353-43A0-851E-2A38AFC001FC}.MinSizeRel|Any CPU.Build.0 = Release|Any CPU
		{7A51194F-5353-43A0-851E-2A38AFC001FC}.MinSizeRel|ARM.ActiveCfg = Release|Any CPU
		{7A51194F-5353-43A0-851E-2A38AFC001FC}.MinSizeRel|ARM.Build.0 = Release|Any CPU
		{7A51194F-5353-43A0-851E-2A38AFC001FC}.MinSizeRel|ARM64.ActiveCfg = Release|Any CPU
		{7A51194F-5353-43A0-851E-2A38AFC001FC}.MinSizeRel|ARM64.Build.0 = Release|Any CPU
		{7A51194F-5353-43A0-851E-2A38AFC001FC}.MinSizeRel|x64.ActiveCfg = Release|Any CPU
		{7A51194F-5353-43A0-851E-2A38AFC001FC}.MinSizeRel|x64.Build.0 = Release|Any CPU
		{7A51194F-5353-43A0-851E-2A38AFC001FC}.MinSizeRel|x86.ActiveCfg = Release|Any CPU
		{7A51194F-5353-43A0-851E-2A38AFC001FC}.MinSizeRel|x86.Build.0 = Release|Any CPU
		{7A51194F-5353-43A0-851E-2A38AFC001FC}.Release|Any CPU.ActiveCfg = Release|Any CPU
		{7A51194F-5353-43A0-851E-2A38AFC001FC}.Release|Any CPU.Build.0 = Release|Any CPU
		{7A51194F-5353-43A0-851E-2A38AFC001FC}.Release|ARM.ActiveCfg = Release|Any CPU
		{7A51194F-5353-43A0-851E-2A38AFC001FC}.Release|ARM.Build.0 = Release|Any CPU
		{7A51194F-5353-43A0-851E-2A38AFC001FC}.Release|ARM64.ActiveCfg = Release|Any CPU
		{7A51194F-5353-43A0-851E-2A38AFC001FC}.Release|ARM64.Build.0 = Release|Any CPU
		{7A51194F-5353-43A0-851E-2A38AFC001FC}.Release|x64.ActiveCfg = Release|Any CPU
		{7A51194F-5353-43A0-851E-2A38AFC001FC}.Release|x64.Build.0 = Release|Any CPU
		{7A51194F-5353-43A0-851E-2A38AFC001FC}.Release|x86.ActiveCfg = Release|Any CPU
		{7A51194F-5353-43A0-851E-2A38AFC001FC}.Release|x86.Build.0 = Release|Any CPU
		{7A51194F-5353-43A0-851E-2A38AFC001FC}.RelWithDebInfo|Any CPU.ActiveCfg = Release|Any CPU
		{7A51194F-5353-43A0-851E-2A38AFC001FC}.RelWithDebInfo|Any CPU.Build.0 = Release|Any CPU
		{7A51194F-5353-43A0-851E-2A38AFC001FC}.RelWithDebInfo|ARM.ActiveCfg = Release|Any CPU
		{7A51194F-5353-43A0-851E-2A38AFC001FC}.RelWithDebInfo|ARM.Build.0 = Release|Any CPU
		{7A51194F-5353-43A0-851E-2A38AFC001FC}.RelWithDebInfo|ARM64.ActiveCfg = Release|Any CPU
		{7A51194F-5353-43A0-851E-2A38AFC001FC}.RelWithDebInfo|ARM64.Build.0 = Release|Any CPU
		{7A51194F-5353-43A0-851E-2A38AFC001FC}.RelWithDebInfo|x64.ActiveCfg = Release|Any CPU
		{7A51194F-5353-43A0-851E-2A38AFC001FC}.RelWithDebInfo|x64.Build.0 = Release|Any CPU
		{7A51194F-5353-43A0-851E-2A38AFC001FC}.RelWithDebInfo|x86.ActiveCfg = Release|Any CPU
		{7A51194F-5353-43A0-851E-2A38AFC001FC}.RelWithDebInfo|x86.Build.0 = Release|Any CPU
		{16CDEFC7-8D17-42E0-B878-8F4A62F0C7B6}.Debug|Any CPU.ActiveCfg = Debug|Any CPU
		{16CDEFC7-8D17-42E0-B878-8F4A62F0C7B6}.Debug|Any CPU.Build.0 = Debug|Any CPU
		{16CDEFC7-8D17-42E0-B878-8F4A62F0C7B6}.Debug|ARM.ActiveCfg = Debug|Any CPU
		{16CDEFC7-8D17-42E0-B878-8F4A62F0C7B6}.Debug|ARM.Build.0 = Debug|Any CPU
		{16CDEFC7-8D17-42E0-B878-8F4A62F0C7B6}.Debug|ARM64.ActiveCfg = Debug|Any CPU
		{16CDEFC7-8D17-42E0-B878-8F4A62F0C7B6}.Debug|ARM64.Build.0 = Debug|Any CPU
		{16CDEFC7-8D17-42E0-B878-8F4A62F0C7B6}.Debug|x64.ActiveCfg = Debug|Any CPU
		{16CDEFC7-8D17-42E0-B878-8F4A62F0C7B6}.Debug|x64.Build.0 = Debug|Any CPU
		{16CDEFC7-8D17-42E0-B878-8F4A62F0C7B6}.Debug|x86.ActiveCfg = Debug|Any CPU
		{16CDEFC7-8D17-42E0-B878-8F4A62F0C7B6}.Debug|x86.Build.0 = Debug|Any CPU
		{16CDEFC7-8D17-42E0-B878-8F4A62F0C7B6}.MinSizeRel|Any CPU.ActiveCfg = Release|Any CPU
		{16CDEFC7-8D17-42E0-B878-8F4A62F0C7B6}.MinSizeRel|Any CPU.Build.0 = Release|Any CPU
		{16CDEFC7-8D17-42E0-B878-8F4A62F0C7B6}.MinSizeRel|ARM.ActiveCfg = Release|Any CPU
		{16CDEFC7-8D17-42E0-B878-8F4A62F0C7B6}.MinSizeRel|ARM.Build.0 = Release|Any CPU
		{16CDEFC7-8D17-42E0-B878-8F4A62F0C7B6}.MinSizeRel|ARM64.ActiveCfg = Release|Any CPU
		{16CDEFC7-8D17-42E0-B878-8F4A62F0C7B6}.MinSizeRel|ARM64.Build.0 = Release|Any CPU
		{16CDEFC7-8D17-42E0-B878-8F4A62F0C7B6}.MinSizeRel|x64.ActiveCfg = Release|Any CPU
		{16CDEFC7-8D17-42E0-B878-8F4A62F0C7B6}.MinSizeRel|x64.Build.0 = Release|Any CPU
		{16CDEFC7-8D17-42E0-B878-8F4A62F0C7B6}.MinSizeRel|x86.ActiveCfg = Release|Any CPU
		{16CDEFC7-8D17-42E0-B878-8F4A62F0C7B6}.MinSizeRel|x86.Build.0 = Release|Any CPU
		{16CDEFC7-8D17-42E0-B878-8F4A62F0C7B6}.Release|Any CPU.ActiveCfg = Release|Any CPU
		{16CDEFC7-8D17-42E0-B878-8F4A62F0C7B6}.Release|Any CPU.Build.0 = Release|Any CPU
		{16CDEFC7-8D17-42E0-B878-8F4A62F0C7B6}.Release|ARM.ActiveCfg = Release|Any CPU
		{16CDEFC7-8D17-42E0-B878-8F4A62F0C7B6}.Release|ARM.Build.0 = Release|Any CPU
		{16CDEFC7-8D17-42E0-B878-8F4A62F0C7B6}.Release|ARM64.ActiveCfg = Release|Any CPU
		{16CDEFC7-8D17-42E0-B878-8F4A62F0C7B6}.Release|ARM64.Build.0 = Release|Any CPU
		{16CDEFC7-8D17-42E0-B878-8F4A62F0C7B6}.Release|x64.ActiveCfg = Release|Any CPU
		{16CDEFC7-8D17-42E0-B878-8F4A62F0C7B6}.Release|x64.Build.0 = Release|Any CPU
		{16CDEFC7-8D17-42E0-B878-8F4A62F0C7B6}.Release|x86.ActiveCfg = Release|Any CPU
		{16CDEFC7-8D17-42E0-B878-8F4A62F0C7B6}.Release|x86.Build.0 = Release|Any CPU
		{16CDEFC7-8D17-42E0-B878-8F4A62F0C7B6}.RelWithDebInfo|Any CPU.ActiveCfg = Release|Any CPU
		{16CDEFC7-8D17-42E0-B878-8F4A62F0C7B6}.RelWithDebInfo|Any CPU.Build.0 = Release|Any CPU
		{16CDEFC7-8D17-42E0-B878-8F4A62F0C7B6}.RelWithDebInfo|ARM.ActiveCfg = Release|Any CPU
		{16CDEFC7-8D17-42E0-B878-8F4A62F0C7B6}.RelWithDebInfo|ARM.Build.0 = Release|Any CPU
		{16CDEFC7-8D17-42E0-B878-8F4A62F0C7B6}.RelWithDebInfo|ARM64.ActiveCfg = Release|Any CPU
		{16CDEFC7-8D17-42E0-B878-8F4A62F0C7B6}.RelWithDebInfo|ARM64.Build.0 = Release|Any CPU
		{16CDEFC7-8D17-42E0-B878-8F4A62F0C7B6}.RelWithDebInfo|x64.ActiveCfg = Release|Any CPU
		{16CDEFC7-8D17-42E0-B878-8F4A62F0C7B6}.RelWithDebInfo|x64.Build.0 = Release|Any CPU
		{16CDEFC7-8D17-42E0-B878-8F4A62F0C7B6}.RelWithDebInfo|x86.ActiveCfg = Release|Any CPU
		{16CDEFC7-8D17-42E0-B878-8F4A62F0C7B6}.RelWithDebInfo|x86.Build.0 = Release|Any CPU
		{123BCB18-6D39-42D5-B8F9-E02935A60BE4}.Debug|Any CPU.ActiveCfg = Debug|Any CPU
		{123BCB18-6D39-42D5-B8F9-E02935A60BE4}.Debug|Any CPU.Build.0 = Debug|Any CPU
		{123BCB18-6D39-42D5-B8F9-E02935A60BE4}.Debug|ARM.ActiveCfg = Debug|Any CPU
		{123BCB18-6D39-42D5-B8F9-E02935A60BE4}.Debug|ARM.Build.0 = Debug|Any CPU
		{123BCB18-6D39-42D5-B8F9-E02935A60BE4}.Debug|ARM64.ActiveCfg = Debug|Any CPU
		{123BCB18-6D39-42D5-B8F9-E02935A60BE4}.Debug|ARM64.Build.0 = Debug|Any CPU
		{123BCB18-6D39-42D5-B8F9-E02935A60BE4}.Debug|x64.ActiveCfg = Debug|Any CPU
		{123BCB18-6D39-42D5-B8F9-E02935A60BE4}.Debug|x64.Build.0 = Debug|Any CPU
		{123BCB18-6D39-42D5-B8F9-E02935A60BE4}.Debug|x86.ActiveCfg = Debug|Any CPU
		{123BCB18-6D39-42D5-B8F9-E02935A60BE4}.Debug|x86.Build.0 = Debug|Any CPU
		{123BCB18-6D39-42D5-B8F9-E02935A60BE4}.MinSizeRel|Any CPU.ActiveCfg = Release|Any CPU
		{123BCB18-6D39-42D5-B8F9-E02935A60BE4}.MinSizeRel|Any CPU.Build.0 = Release|Any CPU
		{123BCB18-6D39-42D5-B8F9-E02935A60BE4}.MinSizeRel|ARM.ActiveCfg = Release|Any CPU
		{123BCB18-6D39-42D5-B8F9-E02935A60BE4}.MinSizeRel|ARM.Build.0 = Release|Any CPU
		{123BCB18-6D39-42D5-B8F9-E02935A60BE4}.MinSizeRel|ARM64.ActiveCfg = Release|Any CPU
		{123BCB18-6D39-42D5-B8F9-E02935A60BE4}.MinSizeRel|ARM64.Build.0 = Release|Any CPU
		{123BCB18-6D39-42D5-B8F9-E02935A60BE4}.MinSizeRel|x64.ActiveCfg = Release|Any CPU
		{123BCB18-6D39-42D5-B8F9-E02935A60BE4}.MinSizeRel|x64.Build.0 = Release|Any CPU
		{123BCB18-6D39-42D5-B8F9-E02935A60BE4}.MinSizeRel|x86.ActiveCfg = Release|Any CPU
		{123BCB18-6D39-42D5-B8F9-E02935A60BE4}.MinSizeRel|x86.Build.0 = Release|Any CPU
		{123BCB18-6D39-42D5-B8F9-E02935A60BE4}.Release|Any CPU.ActiveCfg = Release|Any CPU
		{123BCB18-6D39-42D5-B8F9-E02935A60BE4}.Release|Any CPU.Build.0 = Release|Any CPU
		{123BCB18-6D39-42D5-B8F9-E02935A60BE4}.Release|ARM.ActiveCfg = Release|Any CPU
		{123BCB18-6D39-42D5-B8F9-E02935A60BE4}.Release|ARM.Build.0 = Release|Any CPU
		{123BCB18-6D39-42D5-B8F9-E02935A60BE4}.Release|ARM64.ActiveCfg = Release|Any CPU
		{123BCB18-6D39-42D5-B8F9-E02935A60BE4}.Release|ARM64.Build.0 = Release|Any CPU
		{123BCB18-6D39-42D5-B8F9-E02935A60BE4}.Release|x64.ActiveCfg = Release|Any CPU
		{123BCB18-6D39-42D5-B8F9-E02935A60BE4}.Release|x64.Build.0 = Release|Any CPU
		{123BCB18-6D39-42D5-B8F9-E02935A60BE4}.Release|x86.ActiveCfg = Release|Any CPU
		{123BCB18-6D39-42D5-B8F9-E02935A60BE4}.Release|x86.Build.0 = Release|Any CPU
		{123BCB18-6D39-42D5-B8F9-E02935A60BE4}.RelWithDebInfo|Any CPU.ActiveCfg = Release|Any CPU
		{123BCB18-6D39-42D5-B8F9-E02935A60BE4}.RelWithDebInfo|Any CPU.Build.0 = Release|Any CPU
		{123BCB18-6D39-42D5-B8F9-E02935A60BE4}.RelWithDebInfo|ARM.ActiveCfg = Release|Any CPU
		{123BCB18-6D39-42D5-B8F9-E02935A60BE4}.RelWithDebInfo|ARM.Build.0 = Release|Any CPU
		{123BCB18-6D39-42D5-B8F9-E02935A60BE4}.RelWithDebInfo|ARM64.ActiveCfg = Release|Any CPU
		{123BCB18-6D39-42D5-B8F9-E02935A60BE4}.RelWithDebInfo|ARM64.Build.0 = Release|Any CPU
		{123BCB18-6D39-42D5-B8F9-E02935A60BE4}.RelWithDebInfo|x64.ActiveCfg = Release|Any CPU
		{123BCB18-6D39-42D5-B8F9-E02935A60BE4}.RelWithDebInfo|x64.Build.0 = Release|Any CPU
		{123BCB18-6D39-42D5-B8F9-E02935A60BE4}.RelWithDebInfo|x86.ActiveCfg = Release|Any CPU
		{123BCB18-6D39-42D5-B8F9-E02935A60BE4}.RelWithDebInfo|x86.Build.0 = Release|Any CPU
		{92DF56B3-E029-4271-9408-5020A4D34475}.Debug|Any CPU.ActiveCfg = Debug|Any CPU
		{92DF56B3-E029-4271-9408-5020A4D34475}.Debug|Any CPU.Build.0 = Debug|Any CPU
		{92DF56B3-E029-4271-9408-5020A4D34475}.Debug|ARM.ActiveCfg = Debug|Any CPU
		{92DF56B3-E029-4271-9408-5020A4D34475}.Debug|ARM.Build.0 = Debug|Any CPU
		{92DF56B3-E029-4271-9408-5020A4D34475}.Debug|ARM64.ActiveCfg = Debug|Any CPU
		{92DF56B3-E029-4271-9408-5020A4D34475}.Debug|ARM64.Build.0 = Debug|Any CPU
		{92DF56B3-E029-4271-9408-5020A4D34475}.Debug|x64.ActiveCfg = Debug|Any CPU
		{92DF56B3-E029-4271-9408-5020A4D34475}.Debug|x64.Build.0 = Debug|Any CPU
		{92DF56B3-E029-4271-9408-5020A4D34475}.Debug|x86.ActiveCfg = Debug|Any CPU
		{92DF56B3-E029-4271-9408-5020A4D34475}.Debug|x86.Build.0 = Debug|Any CPU
		{92DF56B3-E029-4271-9408-5020A4D34475}.MinSizeRel|Any CPU.ActiveCfg = Release|Any CPU
		{92DF56B3-E029-4271-9408-5020A4D34475}.MinSizeRel|Any CPU.Build.0 = Release|Any CPU
		{92DF56B3-E029-4271-9408-5020A4D34475}.MinSizeRel|ARM.ActiveCfg = Release|Any CPU
		{92DF56B3-E029-4271-9408-5020A4D34475}.MinSizeRel|ARM.Build.0 = Release|Any CPU
		{92DF56B3-E029-4271-9408-5020A4D34475}.MinSizeRel|ARM64.ActiveCfg = Release|Any CPU
		{92DF56B3-E029-4271-9408-5020A4D34475}.MinSizeRel|ARM64.Build.0 = Release|Any CPU
		{92DF56B3-E029-4271-9408-5020A4D34475}.MinSizeRel|x64.ActiveCfg = Release|Any CPU
		{92DF56B3-E029-4271-9408-5020A4D34475}.MinSizeRel|x64.Build.0 = Release|Any CPU
		{92DF56B3-E029-4271-9408-5020A4D34475}.MinSizeRel|x86.ActiveCfg = Release|Any CPU
		{92DF56B3-E029-4271-9408-5020A4D34475}.MinSizeRel|x86.Build.0 = Release|Any CPU
		{92DF56B3-E029-4271-9408-5020A4D34475}.Release|Any CPU.ActiveCfg = Release|Any CPU
		{92DF56B3-E029-4271-9408-5020A4D34475}.Release|Any CPU.Build.0 = Release|Any CPU
		{92DF56B3-E029-4271-9408-5020A4D34475}.Release|ARM.ActiveCfg = Release|Any CPU
		{92DF56B3-E029-4271-9408-5020A4D34475}.Release|ARM.Build.0 = Release|Any CPU
		{92DF56B3-E029-4271-9408-5020A4D34475}.Release|ARM64.ActiveCfg = Release|Any CPU
		{92DF56B3-E029-4271-9408-5020A4D34475}.Release|ARM64.Build.0 = Release|Any CPU
		{92DF56B3-E029-4271-9408-5020A4D34475}.Release|x64.ActiveCfg = Release|Any CPU
		{92DF56B3-E029-4271-9408-5020A4D34475}.Release|x64.Build.0 = Release|Any CPU
		{92DF56B3-E029-4271-9408-5020A4D34475}.Release|x86.ActiveCfg = Release|Any CPU
		{92DF56B3-E029-4271-9408-5020A4D34475}.Release|x86.Build.0 = Release|Any CPU
		{92DF56B3-E029-4271-9408-5020A4D34475}.RelWithDebInfo|Any CPU.ActiveCfg = Release|Any CPU
		{92DF56B3-E029-4271-9408-5020A4D34475}.RelWithDebInfo|Any CPU.Build.0 = Release|Any CPU
		{92DF56B3-E029-4271-9408-5020A4D34475}.RelWithDebInfo|ARM.ActiveCfg = Release|Any CPU
		{92DF56B3-E029-4271-9408-5020A4D34475}.RelWithDebInfo|ARM.Build.0 = Release|Any CPU
		{92DF56B3-E029-4271-9408-5020A4D34475}.RelWithDebInfo|ARM64.ActiveCfg = Release|Any CPU
		{92DF56B3-E029-4271-9408-5020A4D34475}.RelWithDebInfo|ARM64.Build.0 = Release|Any CPU
		{92DF56B3-E029-4271-9408-5020A4D34475}.RelWithDebInfo|x64.ActiveCfg = Release|Any CPU
		{92DF56B3-E029-4271-9408-5020A4D34475}.RelWithDebInfo|x64.Build.0 = Release|Any CPU
		{92DF56B3-E029-4271-9408-5020A4D34475}.RelWithDebInfo|x86.ActiveCfg = Release|Any CPU
		{92DF56B3-E029-4271-9408-5020A4D34475}.RelWithDebInfo|x86.Build.0 = Release|Any CPU
		{5E1D8603-DF48-497C-A551-FC52B78BF187}.Debug|Any CPU.ActiveCfg = Debug|Any CPU
		{5E1D8603-DF48-497C-A551-FC52B78BF187}.Debug|Any CPU.Build.0 = Debug|Any CPU
		{5E1D8603-DF48-497C-A551-FC52B78BF187}.Debug|ARM.ActiveCfg = Debug|Any CPU
		{5E1D8603-DF48-497C-A551-FC52B78BF187}.Debug|ARM.Build.0 = Debug|Any CPU
		{5E1D8603-DF48-497C-A551-FC52B78BF187}.Debug|ARM64.ActiveCfg = Debug|Any CPU
		{5E1D8603-DF48-497C-A551-FC52B78BF187}.Debug|ARM64.Build.0 = Debug|Any CPU
		{5E1D8603-DF48-497C-A551-FC52B78BF187}.Debug|x64.ActiveCfg = Debug|Any CPU
		{5E1D8603-DF48-497C-A551-FC52B78BF187}.Debug|x64.Build.0 = Debug|Any CPU
		{5E1D8603-DF48-497C-A551-FC52B78BF187}.Debug|x86.ActiveCfg = Debug|Any CPU
		{5E1D8603-DF48-497C-A551-FC52B78BF187}.Debug|x86.Build.0 = Debug|Any CPU
		{5E1D8603-DF48-497C-A551-FC52B78BF187}.MinSizeRel|Any CPU.ActiveCfg = Debug|Any CPU
		{5E1D8603-DF48-497C-A551-FC52B78BF187}.MinSizeRel|Any CPU.Build.0 = Debug|Any CPU
		{5E1D8603-DF48-497C-A551-FC52B78BF187}.MinSizeRel|ARM.ActiveCfg = Debug|Any CPU
		{5E1D8603-DF48-497C-A551-FC52B78BF187}.MinSizeRel|ARM.Build.0 = Debug|Any CPU
		{5E1D8603-DF48-497C-A551-FC52B78BF187}.MinSizeRel|ARM64.ActiveCfg = Debug|Any CPU
		{5E1D8603-DF48-497C-A551-FC52B78BF187}.MinSizeRel|ARM64.Build.0 = Debug|Any CPU
		{5E1D8603-DF48-497C-A551-FC52B78BF187}.MinSizeRel|x64.ActiveCfg = Debug|Any CPU
		{5E1D8603-DF48-497C-A551-FC52B78BF187}.MinSizeRel|x64.Build.0 = Debug|Any CPU
		{5E1D8603-DF48-497C-A551-FC52B78BF187}.MinSizeRel|x86.ActiveCfg = Debug|Any CPU
		{5E1D8603-DF48-497C-A551-FC52B78BF187}.MinSizeRel|x86.Build.0 = Debug|Any CPU
		{5E1D8603-DF48-497C-A551-FC52B78BF187}.Release|Any CPU.ActiveCfg = Release|Any CPU
		{5E1D8603-DF48-497C-A551-FC52B78BF187}.Release|Any CPU.Build.0 = Release|Any CPU
		{5E1D8603-DF48-497C-A551-FC52B78BF187}.Release|ARM.ActiveCfg = Release|Any CPU
		{5E1D8603-DF48-497C-A551-FC52B78BF187}.Release|ARM.Build.0 = Release|Any CPU
		{5E1D8603-DF48-497C-A551-FC52B78BF187}.Release|ARM64.ActiveCfg = Release|Any CPU
		{5E1D8603-DF48-497C-A551-FC52B78BF187}.Release|ARM64.Build.0 = Release|Any CPU
		{5E1D8603-DF48-497C-A551-FC52B78BF187}.Release|x64.ActiveCfg = Release|Any CPU
		{5E1D8603-DF48-497C-A551-FC52B78BF187}.Release|x64.Build.0 = Release|Any CPU
		{5E1D8603-DF48-497C-A551-FC52B78BF187}.Release|x86.ActiveCfg = Release|Any CPU
		{5E1D8603-DF48-497C-A551-FC52B78BF187}.Release|x86.Build.0 = Release|Any CPU
		{5E1D8603-DF48-497C-A551-FC52B78BF187}.RelWithDebInfo|Any CPU.ActiveCfg = Release|Any CPU
		{5E1D8603-DF48-497C-A551-FC52B78BF187}.RelWithDebInfo|Any CPU.Build.0 = Release|Any CPU
		{5E1D8603-DF48-497C-A551-FC52B78BF187}.RelWithDebInfo|ARM.ActiveCfg = Release|Any CPU
		{5E1D8603-DF48-497C-A551-FC52B78BF187}.RelWithDebInfo|ARM.Build.0 = Release|Any CPU
		{5E1D8603-DF48-497C-A551-FC52B78BF187}.RelWithDebInfo|ARM64.ActiveCfg = Release|Any CPU
		{5E1D8603-DF48-497C-A551-FC52B78BF187}.RelWithDebInfo|ARM64.Build.0 = Release|Any CPU
		{5E1D8603-DF48-497C-A551-FC52B78BF187}.RelWithDebInfo|x64.ActiveCfg = Release|Any CPU
		{5E1D8603-DF48-497C-A551-FC52B78BF187}.RelWithDebInfo|x64.Build.0 = Release|Any CPU
		{5E1D8603-DF48-497C-A551-FC52B78BF187}.RelWithDebInfo|x86.ActiveCfg = Release|Any CPU
		{5E1D8603-DF48-497C-A551-FC52B78BF187}.RelWithDebInfo|x86.Build.0 = Release|Any CPU
	EndGlobalSection
	GlobalSection(SolutionProperties) = preSolution
		HideSolutionNode = FALSE
	EndGlobalSection
	GlobalSection(NestedProjects) = preSolution
		{38F569A8-0EC8-4295-9303-1E151D140BAF} = {C5879EDC-EDF8-47DA-838A-12AB0F5568AB}
		{7A51194F-5353-43A0-851E-2A38AFC001FC} = {C5879EDC-EDF8-47DA-838A-12AB0F5568AB}
		{16CDEFC7-8D17-42E0-B878-8F4A62F0C7B6} = {C5879EDC-EDF8-47DA-838A-12AB0F5568AB}
	EndGlobalSection
	GlobalSection(ExtensibilityGlobals) = postSolution
		SolutionGuid = {39083C1D-BC6F-49FD-A9A6-EB1A7A019A51}
	EndGlobalSection
EndGlobal
