
Microsoft Visual Studio Solution File, Format Version 12.00
# Visual Studio Version 16
VisualStudioVersion = 16.0.29926.136
MinimumVisualStudioVersion = 10.0.40219.1
Project("{9A19103F-16F7-4668-BE54-9A1E7A4F7556}") = "StaticAnalysisProject.Lib", "StaticAnalysisProject.Lib\StaticAnalysisProject.Lib.csproj", "{123BCB18-6D39-42D5-B8F9-E02935A60BE4}"
EndProject
Project("{9A19103F-16F7-4668-BE54-9A1E7A4F7556}") = "DP-Tests", "DP.Tests\DP-Tests.csproj", "{92DF56B3-E029-4271-9408-5020A4D34475}"
EndProject
Project("{9A19103F-16F7-4668-BE54-9A1E7A4F7556}") = "StaticAnalysisProject.Web", "StaticAnalysisProject.Web\StaticAnalysisProject.Web.csproj", "{42C7DE8A-00D5-4129-8EC5-05E13CC86F22}"
EndProject
Project("{9A19103F-16F7-4668-BE54-9A1E7A4F7556}") = "StaticAnalysisProject.Console", "StaticAnalysisProject.Console\StaticAnalysisProject.Console.csproj", "{6CB34A42-730E-48D4-8A03-4CB5EE66FE14}"
EndProject
Project("{9A19103F-16F7-4668-BE54-9A1E7A4F7556}") = "StaticAnalysisProject.BuildTraningSet", "StaticAnalysisProject.BuildTraningSet\StaticAnalysisProject.BuildTraningSet.csproj", "{8512B50C-27BA-4529-8F50-DB6CCFB8E83B}"
EndProject
Project("{9A19103F-16F7-4668-BE54-9A1E7A4F7556}") = "StaticAnalysisProject.UpdateTrainingSet", "StaticAnalysisProject.UpdateTrainingSet\StaticAnalysisProject.UpdateTrainingSet.csproj", "{16B4B372-57DA-4237-BE8C-3E7728703AEC}"
EndProject
Project("{9A19103F-16F7-4668-BE54-9A1E7A4F7556}") = "MalwareSample.Keylogger", "MalwareSample.Keylogger\MalwareSample.Keylogger.csproj", "{6D9A97CD-7BEC-424C-A29E-455CC602E313}"
EndProject
Project("{9A19103F-16F7-4668-BE54-9A1E7A4F7556}") = "MalwareSample.BotnetListener", "MalwareSample.BotnetListener\MalwareSample.BotnetListener.csproj", "{F6A17014-4B52-4279-8D82-3A0E2EE5FDE9}"
EndProject
Project("{FAE04EC0-301F-11D3-BF4B-00C04F79EFBC}") = "StaticAnalysisProject.MalwareStats", "StaticAnalysisProject.MalwareStats\StaticAnalysisProject.MalwareStats.csproj", "{FC49C594-CF76-4864-833B-D6F43037855A}"
EndProject
Project("{2150E333-8FDC-42A3-9474-1A3956D46DE8}") = "Main", "Main", "{0806EA3D-9BC2-4BFC-B4D5-A504E95AA9FF}"
EndProject
Project("{2150E333-8FDC-42A3-9474-1A3956D46DE8}") = "Malware samples", "Malware samples", "{03C9F86C-CD41-497C-994D-D6C41538F10E}"
EndProject
Project("{2150E333-8FDC-42A3-9474-1A3956D46DE8}") = "Misc", "Misc", "{959A18EF-A394-45A7-9376-5197D83B56FD}"
EndProject
Project("{2150E333-8FDC-42A3-9474-1A3956D46DE8}") = "Testing", "Testing", "{1D1CBB54-C6E3-46B3-80A3-26A48FC9B357}"
EndProject
Global
	GlobalSection(SolutionConfigurationPlatforms) = preSolution
		Debug|Any CPU = Debug|Any CPU
		Debug|x64 = Debug|x64
		MinSizeRel|Any CPU = MinSizeRel|Any CPU
		MinSizeRel|x64 = MinSizeRel|x64
		Release|Any CPU = Release|Any CPU
		Release|x64 = Release|x64
		RelWithDebInfo|Any CPU = RelWithDebInfo|Any CPU
		RelWithDebInfo|x64 = RelWithDebInfo|x64
	EndGlobalSection
	GlobalSection(ProjectConfigurationPlatforms) = postSolution
		{123BCB18-6D39-42D5-B8F9-E02935A60BE4}.Debug|Any CPU.ActiveCfg = Debug|Any CPU
		{123BCB18-6D39-42D5-B8F9-E02935A60BE4}.Debug|Any CPU.Build.0 = Debug|Any CPU
		{123BCB18-6D39-42D5-B8F9-E02935A60BE4}.Debug|x64.ActiveCfg = Debug|Any CPU
		{123BCB18-6D39-42D5-B8F9-E02935A60BE4}.Debug|x64.Build.0 = Debug|Any CPU
		{123BCB18-6D39-42D5-B8F9-E02935A60BE4}.MinSizeRel|Any CPU.ActiveCfg = Release|Any CPU
		{123BCB18-6D39-42D5-B8F9-E02935A60BE4}.MinSizeRel|Any CPU.Build.0 = Release|Any CPU
		{123BCB18-6D39-42D5-B8F9-E02935A60BE4}.MinSizeRel|x64.ActiveCfg = Release|Any CPU
		{123BCB18-6D39-42D5-B8F9-E02935A60BE4}.MinSizeRel|x64.Build.0 = Release|Any CPU
		{123BCB18-6D39-42D5-B8F9-E02935A60BE4}.Release|Any CPU.ActiveCfg = Release|Any CPU
		{123BCB18-6D39-42D5-B8F9-E02935A60BE4}.Release|Any CPU.Build.0 = Release|Any CPU
		{123BCB18-6D39-42D5-B8F9-E02935A60BE4}.Release|x64.ActiveCfg = Release|Any CPU
		{123BCB18-6D39-42D5-B8F9-E02935A60BE4}.Release|x64.Build.0 = Release|Any CPU
		{123BCB18-6D39-42D5-B8F9-E02935A60BE4}.RelWithDebInfo|Any CPU.ActiveCfg = Release|Any CPU
		{123BCB18-6D39-42D5-B8F9-E02935A60BE4}.RelWithDebInfo|Any CPU.Build.0 = Release|Any CPU
		{123BCB18-6D39-42D5-B8F9-E02935A60BE4}.RelWithDebInfo|x64.ActiveCfg = Release|Any CPU
		{123BCB18-6D39-42D5-B8F9-E02935A60BE4}.RelWithDebInfo|x64.Build.0 = Release|Any CPU
		{92DF56B3-E029-4271-9408-5020A4D34475}.Debug|Any CPU.ActiveCfg = Debug|Any CPU
		{92DF56B3-E029-4271-9408-5020A4D34475}.Debug|Any CPU.Build.0 = Debug|Any CPU
		{92DF56B3-E029-4271-9408-5020A4D34475}.Debug|x64.ActiveCfg = Debug|Any CPU
		{92DF56B3-E029-4271-9408-5020A4D34475}.Debug|x64.Build.0 = Debug|Any CPU
		{92DF56B3-E029-4271-9408-5020A4D34475}.MinSizeRel|Any CPU.ActiveCfg = Release|Any CPU
		{92DF56B3-E029-4271-9408-5020A4D34475}.MinSizeRel|Any CPU.Build.0 = Release|Any CPU
		{92DF56B3-E029-4271-9408-5020A4D34475}.MinSizeRel|x64.ActiveCfg = Release|Any CPU
		{92DF56B3-E029-4271-9408-5020A4D34475}.MinSizeRel|x64.Build.0 = Release|Any CPU
		{92DF56B3-E029-4271-9408-5020A4D34475}.Release|Any CPU.ActiveCfg = Release|Any CPU
		{92DF56B3-E029-4271-9408-5020A4D34475}.Release|Any CPU.Build.0 = Release|Any CPU
		{92DF56B3-E029-4271-9408-5020A4D34475}.Release|x64.ActiveCfg = Release|Any CPU
		{92DF56B3-E029-4271-9408-5020A4D34475}.Release|x64.Build.0 = Release|Any CPU
		{92DF56B3-E029-4271-9408-5020A4D34475}.RelWithDebInfo|Any CPU.ActiveCfg = Release|Any CPU
		{92DF56B3-E029-4271-9408-5020A4D34475}.RelWithDebInfo|Any CPU.Build.0 = Release|Any CPU
		{92DF56B3-E029-4271-9408-5020A4D34475}.RelWithDebInfo|x64.ActiveCfg = Release|Any CPU
		{92DF56B3-E029-4271-9408-5020A4D34475}.RelWithDebInfo|x64.Build.0 = Release|Any CPU
		{42C7DE8A-00D5-4129-8EC5-05E13CC86F22}.Debug|Any CPU.ActiveCfg = Debug|Any CPU
		{42C7DE8A-00D5-4129-8EC5-05E13CC86F22}.Debug|Any CPU.Build.0 = Debug|Any CPU
		{42C7DE8A-00D5-4129-8EC5-05E13CC86F22}.Debug|x64.ActiveCfg = Debug|Any CPU
		{42C7DE8A-00D5-4129-8EC5-05E13CC86F22}.Debug|x64.Build.0 = Debug|Any CPU
		{42C7DE8A-00D5-4129-8EC5-05E13CC86F22}.MinSizeRel|Any CPU.ActiveCfg = Debug|Any CPU
		{42C7DE8A-00D5-4129-8EC5-05E13CC86F22}.MinSizeRel|Any CPU.Build.0 = Debug|Any CPU
		{42C7DE8A-00D5-4129-8EC5-05E13CC86F22}.MinSizeRel|x64.ActiveCfg = Debug|Any CPU
		{42C7DE8A-00D5-4129-8EC5-05E13CC86F22}.MinSizeRel|x64.Build.0 = Debug|Any CPU
		{42C7DE8A-00D5-4129-8EC5-05E13CC86F22}.Release|Any CPU.ActiveCfg = Release|Any CPU
		{42C7DE8A-00D5-4129-8EC5-05E13CC86F22}.Release|Any CPU.Build.0 = Release|Any CPU
		{42C7DE8A-00D5-4129-8EC5-05E13CC86F22}.Release|x64.ActiveCfg = Release|Any CPU
		{42C7DE8A-00D5-4129-8EC5-05E13CC86F22}.Release|x64.Build.0 = Release|Any CPU
		{42C7DE8A-00D5-4129-8EC5-05E13CC86F22}.RelWithDebInfo|Any CPU.ActiveCfg = Release|Any CPU
		{42C7DE8A-00D5-4129-8EC5-05E13CC86F22}.RelWithDebInfo|Any CPU.Build.0 = Release|Any CPU
		{42C7DE8A-00D5-4129-8EC5-05E13CC86F22}.RelWithDebInfo|x64.ActiveCfg = Release|Any CPU
		{42C7DE8A-00D5-4129-8EC5-05E13CC86F22}.RelWithDebInfo|x64.Build.0 = Release|Any CPU
		{6CB34A42-730E-48D4-8A03-4CB5EE66FE14}.Debug|Any CPU.ActiveCfg = Debug|Any CPU
		{6CB34A42-730E-48D4-8A03-4CB5EE66FE14}.Debug|Any CPU.Build.0 = Debug|Any CPU
		{6CB34A42-730E-48D4-8A03-4CB5EE66FE14}.Debug|x64.ActiveCfg = Debug|Any CPU
		{6CB34A42-730E-48D4-8A03-4CB5EE66FE14}.Debug|x64.Build.0 = Debug|Any CPU
		{6CB34A42-730E-48D4-8A03-4CB5EE66FE14}.MinSizeRel|Any CPU.ActiveCfg = Debug|Any CPU
		{6CB34A42-730E-48D4-8A03-4CB5EE66FE14}.MinSizeRel|Any CPU.Build.0 = Debug|Any CPU
		{6CB34A42-730E-48D4-8A03-4CB5EE66FE14}.MinSizeRel|x64.ActiveCfg = Debug|Any CPU
		{6CB34A42-730E-48D4-8A03-4CB5EE66FE14}.MinSizeRel|x64.Build.0 = Debug|Any CPU
		{6CB34A42-730E-48D4-8A03-4CB5EE66FE14}.Release|Any CPU.ActiveCfg = Release|Any CPU
		{6CB34A42-730E-48D4-8A03-4CB5EE66FE14}.Release|Any CPU.Build.0 = Release|Any CPU
		{6CB34A42-730E-48D4-8A03-4CB5EE66FE14}.Release|x64.ActiveCfg = Release|Any CPU
		{6CB34A42-730E-48D4-8A03-4CB5EE66FE14}.Release|x64.Build.0 = Release|Any CPU
		{6CB34A42-730E-48D4-8A03-4CB5EE66FE14}.RelWithDebInfo|Any CPU.ActiveCfg = Release|Any CPU
		{6CB34A42-730E-48D4-8A03-4CB5EE66FE14}.RelWithDebInfo|Any CPU.Build.0 = Release|Any CPU
		{6CB34A42-730E-48D4-8A03-4CB5EE66FE14}.RelWithDebInfo|x64.ActiveCfg = Release|Any CPU
		{6CB34A42-730E-48D4-8A03-4CB5EE66FE14}.RelWithDebInfo|x64.Build.0 = Release|Any CPU
		{8512B50C-27BA-4529-8F50-DB6CCFB8E83B}.Debug|Any CPU.ActiveCfg = Debug|Any CPU
		{8512B50C-27BA-4529-8F50-DB6CCFB8E83B}.Debug|Any CPU.Build.0 = Debug|Any CPU
		{8512B50C-27BA-4529-8F50-DB6CCFB8E83B}.Debug|x64.ActiveCfg = Debug|Any CPU
		{8512B50C-27BA-4529-8F50-DB6CCFB8E83B}.Debug|x64.Build.0 = Debug|Any CPU
		{8512B50C-27BA-4529-8F50-DB6CCFB8E83B}.MinSizeRel|Any CPU.ActiveCfg = Debug|Any CPU
		{8512B50C-27BA-4529-8F50-DB6CCFB8E83B}.MinSizeRel|Any CPU.Build.0 = Debug|Any CPU
		{8512B50C-27BA-4529-8F50-DB6CCFB8E83B}.MinSizeRel|x64.ActiveCfg = Debug|Any CPU
		{8512B50C-27BA-4529-8F50-DB6CCFB8E83B}.MinSizeRel|x64.Build.0 = Debug|Any CPU
		{8512B50C-27BA-4529-8F50-DB6CCFB8E83B}.Release|Any CPU.ActiveCfg = Release|Any CPU
		{8512B50C-27BA-4529-8F50-DB6CCFB8E83B}.Release|Any CPU.Build.0 = Release|Any CPU
		{8512B50C-27BA-4529-8F50-DB6CCFB8E83B}.Release|x64.ActiveCfg = Release|Any CPU
		{8512B50C-27BA-4529-8F50-DB6CCFB8E83B}.Release|x64.Build.0 = Release|Any CPU
		{8512B50C-27BA-4529-8F50-DB6CCFB8E83B}.RelWithDebInfo|Any CPU.ActiveCfg = Release|Any CPU
		{8512B50C-27BA-4529-8F50-DB6CCFB8E83B}.RelWithDebInfo|Any CPU.Build.0 = Release|Any CPU
		{8512B50C-27BA-4529-8F50-DB6CCFB8E83B}.RelWithDebInfo|x64.ActiveCfg = Release|Any CPU
		{8512B50C-27BA-4529-8F50-DB6CCFB8E83B}.RelWithDebInfo|x64.Build.0 = Release|Any CPU
		{16B4B372-57DA-4237-BE8C-3E7728703AEC}.Debug|Any CPU.ActiveCfg = Debug|Any CPU
		{16B4B372-57DA-4237-BE8C-3E7728703AEC}.Debug|Any CPU.Build.0 = Debug|Any CPU
		{16B4B372-57DA-4237-BE8C-3E7728703AEC}.Debug|x64.ActiveCfg = Debug|Any CPU
		{16B4B372-57DA-4237-BE8C-3E7728703AEC}.Debug|x64.Build.0 = Debug|Any CPU
		{16B4B372-57DA-4237-BE8C-3E7728703AEC}.MinSizeRel|Any CPU.ActiveCfg = Debug|Any CPU
		{16B4B372-57DA-4237-BE8C-3E7728703AEC}.MinSizeRel|Any CPU.Build.0 = Debug|Any CPU
		{16B4B372-57DA-4237-BE8C-3E7728703AEC}.MinSizeRel|x64.ActiveCfg = Debug|Any CPU
		{16B4B372-57DA-4237-BE8C-3E7728703AEC}.MinSizeRel|x64.Build.0 = Debug|Any CPU
		{16B4B372-57DA-4237-BE8C-3E7728703AEC}.Release|Any CPU.ActiveCfg = Release|Any CPU
		{16B4B372-57DA-4237-BE8C-3E7728703AEC}.Release|Any CPU.Build.0 = Release|Any CPU
		{16B4B372-57DA-4237-BE8C-3E7728703AEC}.Release|x64.ActiveCfg = Release|Any CPU
		{16B4B372-57DA-4237-BE8C-3E7728703AEC}.Release|x64.Build.0 = Release|Any CPU
		{16B4B372-57DA-4237-BE8C-3E7728703AEC}.RelWithDebInfo|Any CPU.ActiveCfg = Release|Any CPU
		{16B4B372-57DA-4237-BE8C-3E7728703AEC}.RelWithDebInfo|Any CPU.Build.0 = Release|Any CPU
		{16B4B372-57DA-4237-BE8C-3E7728703AEC}.RelWithDebInfo|x64.ActiveCfg = Release|Any CPU
		{16B4B372-57DA-4237-BE8C-3E7728703AEC}.RelWithDebInfo|x64.Build.0 = Release|Any CPU
		{6D9A97CD-7BEC-424C-A29E-455CC602E313}.Debug|Any CPU.ActiveCfg = Debug|Any CPU
		{6D9A97CD-7BEC-424C-A29E-455CC602E313}.Debug|Any CPU.Build.0 = Debug|Any CPU
		{6D9A97CD-7BEC-424C-A29E-455CC602E313}.Debug|x64.ActiveCfg = Debug|Any CPU
		{6D9A97CD-7BEC-424C-A29E-455CC602E313}.Debug|x64.Build.0 = Debug|Any CPU
		{6D9A97CD-7BEC-424C-A29E-455CC602E313}.MinSizeRel|Any CPU.ActiveCfg = Debug|Any CPU
		{6D9A97CD-7BEC-424C-A29E-455CC602E313}.MinSizeRel|Any CPU.Build.0 = Debug|Any CPU
		{6D9A97CD-7BEC-424C-A29E-455CC602E313}.MinSizeRel|x64.ActiveCfg = Debug|Any CPU
		{6D9A97CD-7BEC-424C-A29E-455CC602E313}.MinSizeRel|x64.Build.0 = Debug|Any CPU
		{6D9A97CD-7BEC-424C-A29E-455CC602E313}.Release|Any CPU.ActiveCfg = Release|Any CPU
		{6D9A97CD-7BEC-424C-A29E-455CC602E313}.Release|Any CPU.Build.0 = Release|Any CPU
		{6D9A97CD-7BEC-424C-A29E-455CC602E313}.Release|x64.ActiveCfg = Release|Any CPU
		{6D9A97CD-7BEC-424C-A29E-455CC602E313}.Release|x64.Build.0 = Release|Any CPU
		{6D9A97CD-7BEC-424C-A29E-455CC602E313}.RelWithDebInfo|Any CPU.ActiveCfg = Release|Any CPU
		{6D9A97CD-7BEC-424C-A29E-455CC602E313}.RelWithDebInfo|Any CPU.Build.0 = Release|Any CPU
		{6D9A97CD-7BEC-424C-A29E-455CC602E313}.RelWithDebInfo|x64.ActiveCfg = Release|Any CPU
		{6D9A97CD-7BEC-424C-A29E-455CC602E313}.RelWithDebInfo|x64.Build.0 = Release|Any CPU
		{F6A17014-4B52-4279-8D82-3A0E2EE5FDE9}.Debug|Any CPU.ActiveCfg = Debug|Any CPU
		{F6A17014-4B52-4279-8D82-3A0E2EE5FDE9}.Debug|Any CPU.Build.0 = Debug|Any CPU
		{F6A17014-4B52-4279-8D82-3A0E2EE5FDE9}.Debug|x64.ActiveCfg = Debug|Any CPU
		{F6A17014-4B52-4279-8D82-3A0E2EE5FDE9}.Debug|x64.Build.0 = Debug|Any CPU
		{F6A17014-4B52-4279-8D82-3A0E2EE5FDE9}.MinSizeRel|Any CPU.ActiveCfg = Debug|Any CPU
		{F6A17014-4B52-4279-8D82-3A0E2EE5FDE9}.MinSizeRel|Any CPU.Build.0 = Debug|Any CPU
		{F6A17014-4B52-4279-8D82-3A0E2EE5FDE9}.MinSizeRel|x64.ActiveCfg = Debug|Any CPU
		{F6A17014-4B52-4279-8D82-3A0E2EE5FDE9}.MinSizeRel|x64.Build.0 = Debug|Any CPU
		{F6A17014-4B52-4279-8D82-3A0E2EE5FDE9}.Release|Any CPU.ActiveCfg = Release|Any CPU
		{F6A17014-4B52-4279-8D82-3A0E2EE5FDE9}.Release|Any CPU.Build.0 = Release|Any CPU
		{F6A17014-4B52-4279-8D82-3A0E2EE5FDE9}.Release|x64.ActiveCfg = Release|Any CPU
		{F6A17014-4B52-4279-8D82-3A0E2EE5FDE9}.Release|x64.Build.0 = Release|Any CPU
		{F6A17014-4B52-4279-8D82-3A0E2EE5FDE9}.RelWithDebInfo|Any CPU.ActiveCfg = Release|Any CPU
		{F6A17014-4B52-4279-8D82-3A0E2EE5FDE9}.RelWithDebInfo|Any CPU.Build.0 = Release|Any CPU
		{F6A17014-4B52-4279-8D82-3A0E2EE5FDE9}.RelWithDebInfo|x64.ActiveCfg = Release|Any CPU
		{F6A17014-4B52-4279-8D82-3A0E2EE5FDE9}.RelWithDebInfo|x64.Build.0 = Release|Any CPU
		{FC49C594-CF76-4864-833B-D6F43037855A}.Debug|Any CPU.ActiveCfg = Debug|Any CPU
		{FC49C594-CF76-4864-833B-D6F43037855A}.Debug|Any CPU.Build.0 = Debug|Any CPU
		{FC49C594-CF76-4864-833B-D6F43037855A}.Debug|x64.ActiveCfg = Debug|Any CPU
		{FC49C594-CF76-4864-833B-D6F43037855A}.Debug|x64.Build.0 = Debug|Any CPU
		{FC49C594-CF76-4864-833B-D6F43037855A}.MinSizeRel|Any CPU.ActiveCfg = Debug|Any CPU
		{FC49C594-CF76-4864-833B-D6F43037855A}.MinSizeRel|Any CPU.Build.0 = Debug|Any CPU
		{FC49C594-CF76-4864-833B-D6F43037855A}.MinSizeRel|x64.ActiveCfg = Debug|Any CPU
		{FC49C594-CF76-4864-833B-D6F43037855A}.MinSizeRel|x64.Build.0 = Debug|Any CPU
		{FC49C594-CF76-4864-833B-D6F43037855A}.Release|Any CPU.ActiveCfg = Release|Any CPU
		{FC49C594-CF76-4864-833B-D6F43037855A}.Release|Any CPU.Build.0 = Release|Any CPU
		{FC49C594-CF76-4864-833B-D6F43037855A}.Release|x64.ActiveCfg = Release|Any CPU
		{FC49C594-CF76-4864-833B-D6F43037855A}.Release|x64.Build.0 = Release|Any CPU
		{FC49C594-CF76-4864-833B-D6F43037855A}.RelWithDebInfo|Any CPU.ActiveCfg = Release|Any CPU
		{FC49C594-CF76-4864-833B-D6F43037855A}.RelWithDebInfo|Any CPU.Build.0 = Release|Any CPU
		{FC49C594-CF76-4864-833B-D6F43037855A}.RelWithDebInfo|x64.ActiveCfg = Release|Any CPU
		{FC49C594-CF76-4864-833B-D6F43037855A}.RelWithDebInfo|x64.Build.0 = Release|Any CPU
	EndGlobalSection
	GlobalSection(SolutionProperties) = preSolution
		HideSolutionNode = FALSE
	EndGlobalSection
	GlobalSection(NestedProjects) = preSolution
		{123BCB18-6D39-42D5-B8F9-E02935A60BE4} = {0806EA3D-9BC2-4BFC-B4D5-A504E95AA9FF}
		{92DF56B3-E029-4271-9408-5020A4D34475} = {1D1CBB54-C6E3-46B3-80A3-26A48FC9B357}
		{42C7DE8A-00D5-4129-8EC5-05E13CC86F22} = {0806EA3D-9BC2-4BFC-B4D5-A504E95AA9FF}
		{6CB34A42-730E-48D4-8A03-4CB5EE66FE14} = {0806EA3D-9BC2-4BFC-B4D5-A504E95AA9FF}
		{8512B50C-27BA-4529-8F50-DB6CCFB8E83B} = {959A18EF-A394-45A7-9376-5197D83B56FD}
		{16B4B372-57DA-4237-BE8C-3E7728703AEC} = {959A18EF-A394-45A7-9376-5197D83B56FD}
		{6D9A97CD-7BEC-424C-A29E-455CC602E313} = {03C9F86C-CD41-497C-994D-D6C41538F10E}
		{F6A17014-4B52-4279-8D82-3A0E2EE5FDE9} = {03C9F86C-CD41-497C-994D-D6C41538F10E}
		{FC49C594-CF76-4864-833B-D6F43037855A} = {959A18EF-A394-45A7-9376-5197D83B56FD}
	EndGlobalSection
	GlobalSection(ExtensibilityGlobals) = postSolution
		SolutionGuid = {39083C1D-BC6F-49FD-A9A6-EB1A7A019A51}
	EndGlobalSection
EndGlobal
