
Microsoft Visual Studio Solution File, Format Version 12.00
# Visual Studio Version 16
VisualStudioVersion = 16.0.29926.136
MinimumVisualStudioVersion = 10.0.40219.1
Project("{9A19103F-16F7-4668-BE54-9A1E7A4F7556}") = "StaticAnalysisProject.Lib", "StaticAnalysisProject.Lib\StaticAnalysisProject.Lib.csproj", "{123BCB18-6D39-42D5-B8F9-E02935A60BE4}"
EndProject
Project("{9A19103F-16F7-4668-BE54-9A1E7A4F7556}") = "DP-Tests", "DP.Tests\DP-Tests.csproj", "{92DF56B3-E029-4271-9408-5020A4D34475}"
EndProject
Project("{9A19103F-16F7-4668-BE54-9A1E7A4F7556}") = "StaticAnalysisProject.Web", "StaticAnalysisProject.Web\StaticAnalysisProject.Web.csproj", "{42C7DE8A-00D5-4129-8EC5-05E13CC86F22}"
EndProject
Project("{9A19103F-16F7-4668-BE54-9A1E7A4F7556}") = "StaticAnalysisProject.Console", "StaticAnalysisProject.Console\StaticAnalysisProject.Console.csproj", "{6CB34A42-730E-48D4-8A03-4CB5EE66FE14}"
EndProject
Global
	GlobalSection(SolutionConfigurationPlatforms) = preSolution
		Debug|Any CPU = Debug|Any CPU
		Debug|ARM = Debug|ARM
		Debug|ARM64 = Debug|ARM64
		Debug|x64 = Debug|x64
		Debug|x86 = Debug|x86
		MinSizeRel|Any CPU = MinSizeRel|Any CPU
		MinSizeRel|ARM = MinSizeRel|ARM
		MinSizeRel|ARM64 = MinSizeRel|ARM64
		MinSizeRel|x64 = MinSizeRel|x64
		MinSizeRel|x86 = MinSizeRel|x86
		Release|Any CPU = Release|Any CPU
		Release|ARM = Release|ARM
		Release|ARM64 = Release|ARM64
		Release|x64 = Release|x64
		Release|x86 = Release|x86
		RelWithDebInfo|Any CPU = RelWithDebInfo|Any CPU
		RelWithDebInfo|ARM = RelWithDebInfo|ARM
		RelWithDebInfo|ARM64 = RelWithDebInfo|ARM64
		RelWithDebInfo|x64 = RelWithDebInfo|x64
		RelWithDebInfo|x86 = RelWithDebInfo|x86
	EndGlobalSection
	GlobalSection(ProjectConfigurationPlatforms) = postSolution
		{123BCB18-6D39-42D5-B8F9-E02935A60BE4}.Debug|Any CPU.ActiveCfg = Debug|Any CPU
		{123BCB18-6D39-42D5-B8F9-E02935A60BE4}.Debug|Any CPU.Build.0 = Debug|Any CPU
		{123BCB18-6D39-42D5-B8F9-E02935A60BE4}.Debug|ARM.ActiveCfg = Debug|Any CPU
		{123BCB18-6D39-42D5-B8F9-E02935A60BE4}.Debug|ARM.Build.0 = Debug|Any CPU
		{123BCB18-6D39-42D5-B8F9-E02935A60BE4}.Debug|ARM64.ActiveCfg = Debug|Any CPU
		{123BCB18-6D39-42D5-B8F9-E02935A60BE4}.Debug|ARM64.Build.0 = Debug|Any CPU
		{123BCB18-6D39-42D5-B8F9-E02935A60BE4}.Debug|x64.ActiveCfg = Debug|Any CPU
		{123BCB18-6D39-42D5-B8F9-E02935A60BE4}.Debug|x64.Build.0 = Debug|Any CPU
		{123BCB18-6D39-42D5-B8F9-E02935A60BE4}.Debug|x86.ActiveCfg = Debug|Any CPU
		{123BCB18-6D39-42D5-B8F9-E02935A60BE4}.Debug|x86.Build.0 = Debug|Any CPU
		{123BCB18-6D39-42D5-B8F9-E02935A60BE4}.MinSizeRel|Any CPU.ActiveCfg = Release|Any CPU
		{123BCB18-6D39-42D5-B8F9-E02935A60BE4}.MinSizeRel|Any CPU.Build.0 = Release|Any CPU
		{123BCB18-6D39-42D5-B8F9-E02935A60BE4}.MinSizeRel|ARM.ActiveCfg = Release|Any CPU
		{123BCB18-6D39-42D5-B8F9-E02935A60BE4}.MinSizeRel|ARM.Build.0 = Release|Any CPU
		{123BCB18-6D39-42D5-B8F9-E02935A60BE4}.MinSizeRel|ARM64.ActiveCfg = Release|Any CPU
		{123BCB18-6D39-42D5-B8F9-E02935A60BE4}.MinSizeRel|ARM64.Build.0 = Release|Any CPU
		{123BCB18-6D39-42D5-B8F9-E02935A60BE4}.MinSizeRel|x64.ActiveCfg = Release|Any CPU
		{123BCB18-6D39-42D5-B8F9-E02935A60BE4}.MinSizeRel|x64.Build.0 = Release|Any CPU
		{123BCB18-6D39-42D5-B8F9-E02935A60BE4}.MinSizeRel|x86.ActiveCfg = Release|Any CPU
		{123BCB18-6D39-42D5-B8F9-E02935A60BE4}.MinSizeRel|x86.Build.0 = Release|Any CPU
		{123BCB18-6D39-42D5-B8F9-E02935A60BE4}.Release|Any CPU.ActiveCfg = Release|Any CPU
		{123BCB18-6D39-42D5-B8F9-E02935A60BE4}.Release|Any CPU.Build.0 = Release|Any CPU
		{123BCB18-6D39-42D5-B8F9-E02935A60BE4}.Release|ARM.ActiveCfg = Release|Any CPU
		{123BCB18-6D39-42D5-B8F9-E02935A60BE4}.Release|ARM.Build.0 = Release|Any CPU
		{123BCB18-6D39-42D5-B8F9-E02935A60BE4}.Release|ARM64.ActiveCfg = Release|Any CPU
		{123BCB18-6D39-42D5-B8F9-E02935A60BE4}.Release|ARM64.Build.0 = Release|Any CPU
		{123BCB18-6D39-42D5-B8F9-E02935A60BE4}.Release|x64.ActiveCfg = Release|Any CPU
		{123BCB18-6D39-42D5-B8F9-E02935A60BE4}.Release|x64.Build.0 = Release|Any CPU
		{123BCB18-6D39-42D5-B8F9-E02935A60BE4}.Release|x86.ActiveCfg = Release|Any CPU
		{123BCB18-6D39-42D5-B8F9-E02935A60BE4}.Release|x86.Build.0 = Release|Any CPU
		{123BCB18-6D39-42D5-B8F9-E02935A60BE4}.RelWithDebInfo|Any CPU.ActiveCfg = Release|Any CPU
		{123BCB18-6D39-42D5-B8F9-E02935A60BE4}.RelWithDebInfo|Any CPU.Build.0 = Release|Any CPU
		{123BCB18-6D39-42D5-B8F9-E02935A60BE4}.RelWithDebInfo|ARM.ActiveCfg = Release|Any CPU
		{123BCB18-6D39-42D5-B8F9-E02935A60BE4}.RelWithDebInfo|ARM.Build.0 = Release|Any CPU
		{123BCB18-6D39-42D5-B8F9-E02935A60BE4}.RelWithDebInfo|ARM64.ActiveCfg = Release|Any CPU
		{123BCB18-6D39-42D5-B8F9-E02935A60BE4}.RelWithDebInfo|ARM64.Build.0 = Release|Any CPU
		{123BCB18-6D39-42D5-B8F9-E02935A60BE4}.RelWithDebInfo|x64.ActiveCfg = Release|Any CPU
		{123BCB18-6D39-42D5-B8F9-E02935A60BE4}.RelWithDebInfo|x64.Build.0 = Release|Any CPU
		{123BCB18-6D39-42D5-B8F9-E02935A60BE4}.RelWithDebInfo|x86.ActiveCfg = Release|Any CPU
		{123BCB18-6D39-42D5-B8F9-E02935A60BE4}.RelWithDebInfo|x86.Build.0 = Release|Any CPU
		{92DF56B3-E029-4271-9408-5020A4D34475}.Debug|Any CPU.ActiveCfg = Debug|Any CPU
		{92DF56B3-E029-4271-9408-5020A4D34475}.Debug|Any CPU.Build.0 = Debug|Any CPU
		{92DF56B3-E029-4271-9408-5020A4D34475}.Debug|ARM.ActiveCfg = Debug|Any CPU
		{92DF56B3-E029-4271-9408-5020A4D34475}.Debug|ARM.Build.0 = Debug|Any CPU
		{92DF56B3-E029-4271-9408-5020A4D34475}.Debug|ARM64.ActiveCfg = Debug|Any CPU
		{92DF56B3-E029-4271-9408-5020A4D34475}.Debug|ARM64.Build.0 = Debug|Any CPU
		{92DF56B3-E029-4271-9408-5020A4D34475}.Debug|x64.ActiveCfg = Debug|Any CPU
		{92DF56B3-E029-4271-9408-5020A4D34475}.Debug|x64.Build.0 = Debug|Any CPU
		{92DF56B3-E029-4271-9408-5020A4D34475}.Debug|x86.ActiveCfg = Debug|Any CPU
		{92DF56B3-E029-4271-9408-5020A4D34475}.Debug|x86.Build.0 = Debug|Any CPU
		{92DF56B3-E029-4271-9408-5020A4D34475}.MinSizeRel|Any CPU.ActiveCfg = Release|Any CPU
		{92DF56B3-E029-4271-9408-5020A4D34475}.MinSizeRel|Any CPU.Build.0 = Release|Any CPU
		{92DF56B3-E029-4271-9408-5020A4D34475}.MinSizeRel|ARM.ActiveCfg = Release|Any CPU
		{92DF56B3-E029-4271-9408-5020A4D34475}.MinSizeRel|ARM.Build.0 = Release|Any CPU
		{92DF56B3-E029-4271-9408-5020A4D34475}.MinSizeRel|ARM64.ActiveCfg = Release|Any CPU
		{92DF56B3-E029-4271-9408-5020A4D34475}.MinSizeRel|ARM64.Build.0 = Release|Any CPU
		{92DF56B3-E029-4271-9408-5020A4D34475}.MinSizeRel|x64.ActiveCfg = Release|Any CPU
		{92DF56B3-E029-4271-9408-5020A4D34475}.MinSizeRel|x64.Build.0 = Release|Any CPU
		{92DF56B3-E029-4271-9408-5020A4D34475}.MinSizeRel|x86.ActiveCfg = Release|Any CPU
		{92DF56B3-E029-4271-9408-5020A4D34475}.MinSizeRel|x86.Build.0 = Release|Any CPU
		{92DF56B3-E029-4271-9408-5020A4D34475}.Release|Any CPU.ActiveCfg = Release|Any CPU
		{92DF56B3-E029-4271-9408-5020A4D34475}.Release|Any CPU.Build.0 = Release|Any CPU
		{92DF56B3-E029-4271-9408-5020A4D34475}.Release|ARM.ActiveCfg = Release|Any CPU
		{92DF56B3-E029-4271-9408-5020A4D34475}.Release|ARM.Build.0 = Release|Any CPU
		{92DF56B3-E029-4271-9408-5020A4D34475}.Release|ARM64.ActiveCfg = Release|Any CPU
		{92DF56B3-E029-4271-9408-5020A4D34475}.Release|ARM64.Build.0 = Release|Any CPU
		{92DF56B3-E029-4271-9408-5020A4D34475}.Release|x64.ActiveCfg = Release|Any CPU
		{92DF56B3-E029-4271-9408-5020A4D34475}.Release|x64.Build.0 = Release|Any CPU
		{92DF56B3-E029-4271-9408-5020A4D34475}.Release|x86.ActiveCfg = Release|Any CPU
		{92DF56B3-E029-4271-9408-5020A4D34475}.Release|x86.Build.0 = Release|Any CPU
		{92DF56B3-E029-4271-9408-5020A4D34475}.RelWithDebInfo|Any CPU.ActiveCfg = Release|Any CPU
		{92DF56B3-E029-4271-9408-5020A4D34475}.RelWithDebInfo|Any CPU.Build.0 = Release|Any CPU
		{92DF56B3-E029-4271-9408-5020A4D34475}.RelWithDebInfo|ARM.ActiveCfg = Release|Any CPU
		{92DF56B3-E029-4271-9408-5020A4D34475}.RelWithDebInfo|ARM.Build.0 = Release|Any CPU
		{92DF56B3-E029-4271-9408-5020A4D34475}.RelWithDebInfo|ARM64.ActiveCfg = Release|Any CPU
		{92DF56B3-E029-4271-9408-5020A4D34475}.RelWithDebInfo|ARM64.Build.0 = Release|Any CPU
		{92DF56B3-E029-4271-9408-5020A4D34475}.RelWithDebInfo|x64.ActiveCfg = Release|Any CPU
		{92DF56B3-E029-4271-9408-5020A4D34475}.RelWithDebInfo|x64.Build.0 = Release|Any CPU
		{92DF56B3-E029-4271-9408-5020A4D34475}.RelWithDebInfo|x86.ActiveCfg = Release|Any CPU
		{92DF56B3-E029-4271-9408-5020A4D34475}.RelWithDebInfo|x86.Build.0 = Release|Any CPU
		{42C7DE8A-00D5-4129-8EC5-05E13CC86F22}.Debug|Any CPU.ActiveCfg = Debug|Any CPU
		{42C7DE8A-00D5-4129-8EC5-05E13CC86F22}.Debug|Any CPU.Build.0 = Debug|Any CPU
		{42C7DE8A-00D5-4129-8EC5-05E13CC86F22}.Debug|ARM.ActiveCfg = Debug|Any CPU
		{42C7DE8A-00D5-4129-8EC5-05E13CC86F22}.Debug|ARM.Build.0 = Debug|Any CPU
		{42C7DE8A-00D5-4129-8EC5-05E13CC86F22}.Debug|ARM64.ActiveCfg = Debug|Any CPU
		{42C7DE8A-00D5-4129-8EC5-05E13CC86F22}.Debug|ARM64.Build.0 = Debug|Any CPU
		{42C7DE8A-00D5-4129-8EC5-05E13CC86F22}.Debug|x64.ActiveCfg = Debug|Any CPU
		{42C7DE8A-00D5-4129-8EC5-05E13CC86F22}.Debug|x64.Build.0 = Debug|Any CPU
		{42C7DE8A-00D5-4129-8EC5-05E13CC86F22}.Debug|x86.ActiveCfg = Debug|Any CPU
		{42C7DE8A-00D5-4129-8EC5-05E13CC86F22}.Debug|x86.Build.0 = Debug|Any CPU
		{42C7DE8A-00D5-4129-8EC5-05E13CC86F22}.MinSizeRel|Any CPU.ActiveCfg = Debug|Any CPU
		{42C7DE8A-00D5-4129-8EC5-05E13CC86F22}.MinSizeRel|Any CPU.Build.0 = Debug|Any CPU
		{42C7DE8A-00D5-4129-8EC5-05E13CC86F22}.MinSizeRel|ARM.ActiveCfg = Debug|Any CPU
		{42C7DE8A-00D5-4129-8EC5-05E13CC86F22}.MinSizeRel|ARM.Build.0 = Debug|Any CPU
		{42C7DE8A-00D5-4129-8EC5-05E13CC86F22}.MinSizeRel|ARM64.ActiveCfg = Debug|Any CPU
		{42C7DE8A-00D5-4129-8EC5-05E13CC86F22}.MinSizeRel|ARM64.Build.0 = Debug|Any CPU
		{42C7DE8A-00D5-4129-8EC5-05E13CC86F22}.MinSizeRel|x64.ActiveCfg = Debug|Any CPU
		{42C7DE8A-00D5-4129-8EC5-05E13CC86F22}.MinSizeRel|x64.Build.0 = Debug|Any CPU
		{42C7DE8A-00D5-4129-8EC5-05E13CC86F22}.MinSizeRel|x86.ActiveCfg = Debug|Any CPU
		{42C7DE8A-00D5-4129-8EC5-05E13CC86F22}.MinSizeRel|x86.Build.0 = Debug|Any CPU
		{42C7DE8A-00D5-4129-8EC5-05E13CC86F22}.Release|Any CPU.ActiveCfg = Release|Any CPU
		{42C7DE8A-00D5-4129-8EC5-05E13CC86F22}.Release|Any CPU.Build.0 = Release|Any CPU
		{42C7DE8A-00D5-4129-8EC5-05E13CC86F22}.Release|ARM.ActiveCfg = Release|Any CPU
		{42C7DE8A-00D5-4129-8EC5-05E13CC86F22}.Release|ARM.Build.0 = Release|Any CPU
		{42C7DE8A-00D5-4129-8EC5-05E13CC86F22}.Release|ARM64.ActiveCfg = Release|Any CPU
		{42C7DE8A-00D5-4129-8EC5-05E13CC86F22}.Release|ARM64.Build.0 = Release|Any CPU
		{42C7DE8A-00D5-4129-8EC5-05E13CC86F22}.Release|x64.ActiveCfg = Release|Any CPU
		{42C7DE8A-00D5-4129-8EC5-05E13CC86F22}.Release|x64.Build.0 = Release|Any CPU
		{42C7DE8A-00D5-4129-8EC5-05E13CC86F22}.Release|x86.ActiveCfg = Release|Any CPU
		{42C7DE8A-00D5-4129-8EC5-05E13CC86F22}.Release|x86.Build.0 = Release|Any CPU
		{42C7DE8A-00D5-4129-8EC5-05E13CC86F22}.RelWithDebInfo|Any CPU.ActiveCfg = Release|Any CPU
		{42C7DE8A-00D5-4129-8EC5-05E13CC86F22}.RelWithDebInfo|Any CPU.Build.0 = Release|Any CPU
		{42C7DE8A-00D5-4129-8EC5-05E13CC86F22}.RelWithDebInfo|ARM.ActiveCfg = Release|Any CPU
		{42C7DE8A-00D5-4129-8EC5-05E13CC86F22}.RelWithDebInfo|ARM.Build.0 = Release|Any CPU
		{42C7DE8A-00D5-4129-8EC5-05E13CC86F22}.RelWithDebInfo|ARM64.ActiveCfg = Release|Any CPU
		{42C7DE8A-00D5-4129-8EC5-05E13CC86F22}.RelWithDebInfo|ARM64.Build.0 = Release|Any CPU
		{42C7DE8A-00D5-4129-8EC5-05E13CC86F22}.RelWithDebInfo|x64.ActiveCfg = Release|Any CPU
		{42C7DE8A-00D5-4129-8EC5-05E13CC86F22}.RelWithDebInfo|x64.Build.0 = Release|Any CPU
		{42C7DE8A-00D5-4129-8EC5-05E13CC86F22}.RelWithDebInfo|x86.ActiveCfg = Release|Any CPU
		{42C7DE8A-00D5-4129-8EC5-05E13CC86F22}.RelWithDebInfo|x86.Build.0 = Release|Any CPU
		{6CB34A42-730E-48D4-8A03-4CB5EE66FE14}.Debug|Any CPU.ActiveCfg = Debug|Any CPU
		{6CB34A42-730E-48D4-8A03-4CB5EE66FE14}.Debug|Any CPU.Build.0 = Debug|Any CPU
		{6CB34A42-730E-48D4-8A03-4CB5EE66FE14}.Debug|ARM.ActiveCfg = Debug|Any CPU
		{6CB34A42-730E-48D4-8A03-4CB5EE66FE14}.Debug|ARM.Build.0 = Debug|Any CPU
		{6CB34A42-730E-48D4-8A03-4CB5EE66FE14}.Debug|ARM64.ActiveCfg = Debug|Any CPU
		{6CB34A42-730E-48D4-8A03-4CB5EE66FE14}.Debug|ARM64.Build.0 = Debug|Any CPU
		{6CB34A42-730E-48D4-8A03-4CB5EE66FE14}.Debug|x64.ActiveCfg = Debug|Any CPU
		{6CB34A42-730E-48D4-8A03-4CB5EE66FE14}.Debug|x64.Build.0 = Debug|Any CPU
		{6CB34A42-730E-48D4-8A03-4CB5EE66FE14}.Debug|x86.ActiveCfg = Debug|Any CPU
		{6CB34A42-730E-48D4-8A03-4CB5EE66FE14}.Debug|x86.Build.0 = Debug|Any CPU
		{6CB34A42-730E-48D4-8A03-4CB5EE66FE14}.MinSizeRel|Any CPU.ActiveCfg = Debug|Any CPU
		{6CB34A42-730E-48D4-8A03-4CB5EE66FE14}.MinSizeRel|Any CPU.Build.0 = Debug|Any CPU
		{6CB34A42-730E-48D4-8A03-4CB5EE66FE14}.MinSizeRel|ARM.ActiveCfg = Debug|Any CPU
		{6CB34A42-730E-48D4-8A03-4CB5EE66FE14}.MinSizeRel|ARM.Build.0 = Debug|Any CPU
		{6CB34A42-730E-48D4-8A03-4CB5EE66FE14}.MinSizeRel|ARM64.ActiveCfg = Debug|Any CPU
		{6CB34A42-730E-48D4-8A03-4CB5EE66FE14}.MinSizeRel|ARM64.Build.0 = Debug|Any CPU
		{6CB34A42-730E-48D4-8A03-4CB5EE66FE14}.MinSizeRel|x64.ActiveCfg = Debug|Any CPU
		{6CB34A42-730E-48D4-8A03-4CB5EE66FE14}.MinSizeRel|x64.Build.0 = Debug|Any CPU
		{6CB34A42-730E-48D4-8A03-4CB5EE66FE14}.MinSizeRel|x86.ActiveCfg = Debug|Any CPU
		{6CB34A42-730E-48D4-8A03-4CB5EE66FE14}.MinSizeRel|x86.Build.0 = Debug|Any CPU
		{6CB34A42-730E-48D4-8A03-4CB5EE66FE14}.Release|Any CPU.ActiveCfg = Release|Any CPU
		{6CB34A42-730E-48D4-8A03-4CB5EE66FE14}.Release|Any CPU.Build.0 = Release|Any CPU
		{6CB34A42-730E-48D4-8A03-4CB5EE66FE14}.Release|ARM.ActiveCfg = Release|Any CPU
		{6CB34A42-730E-48D4-8A03-4CB5EE66FE14}.Release|ARM.Build.0 = Release|Any CPU
		{6CB34A42-730E-48D4-8A03-4CB5EE66FE14}.Release|ARM64.ActiveCfg = Release|Any CPU
		{6CB34A42-730E-48D4-8A03-4CB5EE66FE14}.Release|ARM64.Build.0 = Release|Any CPU
		{6CB34A42-730E-48D4-8A03-4CB5EE66FE14}.Release|x64.ActiveCfg = Release|Any CPU
		{6CB34A42-730E-48D4-8A03-4CB5EE66FE14}.Release|x64.Build.0 = Release|Any CPU
		{6CB34A42-730E-48D4-8A03-4CB5EE66FE14}.Release|x86.ActiveCfg = Release|Any CPU
		{6CB34A42-730E-48D4-8A03-4CB5EE66FE14}.Release|x86.Build.0 = Release|Any CPU
		{6CB34A42-730E-48D4-8A03-4CB5EE66FE14}.RelWithDebInfo|Any CPU.ActiveCfg = Release|Any CPU
		{6CB34A42-730E-48D4-8A03-4CB5EE66FE14}.RelWithDebInfo|Any CPU.Build.0 = Release|Any CPU
		{6CB34A42-730E-48D4-8A03-4CB5EE66FE14}.RelWithDebInfo|ARM.ActiveCfg = Release|Any CPU
		{6CB34A42-730E-48D4-8A03-4CB5EE66FE14}.RelWithDebInfo|ARM.Build.0 = Release|Any CPU
		{6CB34A42-730E-48D4-8A03-4CB5EE66FE14}.RelWithDebInfo|ARM64.ActiveCfg = Release|Any CPU
		{6CB34A42-730E-48D4-8A03-4CB5EE66FE14}.RelWithDebInfo|ARM64.Build.0 = Release|Any CPU
		{6CB34A42-730E-48D4-8A03-4CB5EE66FE14}.RelWithDebInfo|x64.ActiveCfg = Release|Any CPU
		{6CB34A42-730E-48D4-8A03-4CB5EE66FE14}.RelWithDebInfo|x64.Build.0 = Release|Any CPU
		{6CB34A42-730E-48D4-8A03-4CB5EE66FE14}.RelWithDebInfo|x86.ActiveCfg = Release|Any CPU
		{6CB34A42-730E-48D4-8A03-4CB5EE66FE14}.RelWithDebInfo|x86.Build.0 = Release|Any CPU
	EndGlobalSection
	GlobalSection(SolutionProperties) = preSolution
		HideSolutionNode = FALSE
	EndGlobalSection
	GlobalSection(ExtensibilityGlobals) = postSolution
		SolutionGuid = {39083C1D-BC6F-49FD-A9A6-EB1A7A019A51}
	EndGlobalSection
EndGlobal
