<?xml version="1.0" encoding="utf-8"?>
<Project ToolsVersion="16.0" xmlns="http://schemas.microsoft.com/developer/msbuild/2003">
  <ItemGroup>
    <ClCompile Include="W:\DP-Vystup\SW\DP\libs\libyara\ahocorasick.c">
      <Filter>Source Files</Filter>
    </ClCompile>
    <ClCompile Include="W:\DP-Vystup\SW\DP\libs\libyara\arena.c">
      <Filter>Source Files</Filter>
    </ClCompile>
    <ClCompile Include="W:\DP-Vystup\SW\DP\libs\libyara\atoms.c">
      <Filter>Source Files</Filter>
    </ClCompile>
    <ClCompile Include="W:\DP-Vystup\SW\DP\libs\libyara\bitmask.c">
      <Filter>Source Files</Filter>
    </ClCompile>
    <ClCompile Include="W:\DP-Vystup\SW\DP\libs\libyara\compiler.c">
      <Filter>Source Files</Filter>
    </ClCompile>
    <ClCompile Include="W:\DP-Vystup\SW\DP\libs\libyara\endian.c">
      <Filter>Source Files</Filter>
    </ClCompile>
    <ClCompile Include="W:\DP-Vystup\SW\DP\libs\libyara\exec.c">
      <Filter>Source Files</Filter>
    </ClCompile>
    <ClCompile Include="W:\DP-Vystup\SW\DP\libs\libyara\exefiles.c">
      <Filter>Source Files</Filter>
    </ClCompile>
    <ClCompile Include="W:\DP-Vystup\SW\DP\libs\libyara\filemap.c">
      <Filter>Source Files</Filter>
    </ClCompile>
    <ClCompile Include="W:\DP-Vystup\SW\DP\libs\libyara\hash.c">
      <Filter>Source Files</Filter>
    </ClCompile>
    <ClCompile Include="W:\DP-Vystup\SW\DP\libs\libyara\libyara.c">
      <Filter>Source Files</Filter>
    </ClCompile>
    <ClCompile Include="W:\DP-Vystup\SW\DP\libs\libyara\mem.c">
      <Filter>Source Files</Filter>
    </ClCompile>
    <ClCompile Include="W:\DP-Vystup\SW\DP\libs\libyara\modules.c">
      <Filter>Source Files</Filter>
    </ClCompile>
    <ClCompile Include="W:\DP-Vystup\SW\DP\libs\libyara\object.c">
      <Filter>Source Files</Filter>
    </ClCompile>
    <ClCompile Include="W:\DP-Vystup\SW\DP\libs\libyara\parser.c">
      <Filter>Source Files</Filter>
    </ClCompile>
    <ClCompile Include="W:\DP-Vystup\SW\DP\libs\libyara\proc.c">
      <Filter>Source Files</Filter>
    </ClCompile>
    <ClCompile Include="W:\DP-Vystup\SW\DP\libs\libyara\re.c">
      <Filter>Source Files</Filter>
    </ClCompile>
    <ClCompile Include="W:\DP-Vystup\SW\DP\libs\libyara\rules.c">
      <Filter>Source Files</Filter>
    </ClCompile>
    <ClCompile Include="W:\DP-Vystup\SW\DP\libs\libyara\scan.c">
      <Filter>Source Files</Filter>
    </ClCompile>
    <ClCompile Include="W:\DP-Vystup\SW\DP\libs\libyara\scanner.c">
      <Filter>Source Files</Filter>
    </ClCompile>
    <ClCompile Include="W:\DP-Vystup\SW\DP\libs\libyara\sizedstr.c">
      <Filter>Source Files</Filter>
    </ClCompile>
    <ClCompile Include="W:\DP-Vystup\SW\DP\libs\libyara\stack.c">
      <Filter>Source Files</Filter>
    </ClCompile>
    <ClCompile Include="W:\DP-Vystup\SW\DP\libs\libyara\stopwatch.c">
      <Filter>Source Files</Filter>
    </ClCompile>
    <ClCompile Include="W:\DP-Vystup\SW\DP\libs\libyara\strutils.c">
      <Filter>Source Files</Filter>
    </ClCompile>
    <ClCompile Include="W:\DP-Vystup\SW\DP\libs\libyara\stream.c">
      <Filter>Source Files</Filter>
    </ClCompile>
    <ClCompile Include="W:\DP-Vystup\SW\DP\libs\libyara\threading.c">
      <Filter>Source Files</Filter>
    </ClCompile>
    <ClCompile Include="W:\DP-Vystup\SW\DP\libs\libyara\lexer.c">
      <Filter>Source Files</Filter>
    </ClCompile>
    <ClCompile Include="W:\DP-Vystup\SW\DP\libs\libyara\hex_lexer.c">
      <Filter>Source Files</Filter>
    </ClCompile>
    <ClCompile Include="W:\DP-Vystup\SW\DP\libs\libyara\grammar.c">
      <Filter>Source Files</Filter>
    </ClCompile>
    <ClCompile Include="W:\DP-Vystup\SW\DP\libs\libyara\re_lexer.c">
      <Filter>Source Files</Filter>
    </ClCompile>
    <ClCompile Include="W:\DP-Vystup\SW\DP\libs\libyara\hex_grammar.c">
      <Filter>Source Files</Filter>
    </ClCompile>
    <ClCompile Include="W:\DP-Vystup\SW\DP\libs\libyara\re_grammar.c">
      <Filter>Source Files</Filter>
    </ClCompile>
    <ClCompile Include="W:\DP-Vystup\SW\DP\libs\libyara\modules\tests.c">
      <Filter>Source Files</Filter>
    </ClCompile>
    <ClCompile Include="W:\DP-Vystup\SW\DP\libs\libyara\modules\pe.c">
      <Filter>Source Files</Filter>
    </ClCompile>
    <ClCompile Include="W:\DP-Vystup\SW\DP\libs\libyara\modules\elf.c">
      <Filter>Source Files</Filter>
    </ClCompile>
    <ClCompile Include="W:\DP-Vystup\SW\DP\libs\libyara\modules\math.c">
      <Filter>Source Files</Filter>
    </ClCompile>
    <ClCompile Include="W:\DP-Vystup\SW\DP\libs\libyara\modules\time.c">
      <Filter>Source Files</Filter>
    </ClCompile>
    <ClCompile Include="W:\DP-Vystup\SW\DP\libs\libyara\modules\pe_utils.c">
      <Filter>Source Files</Filter>
    </ClCompile>
    <ClCompile Include="W:\DP-Vystup\SW\DP\libs\libyara\proc\windows.c">
      <Filter>Source Files</Filter>
    </ClCompile>
    <ClCompile Include="W:\DP-Vystup\SW\DP\libs\libyara\proc\linux.c">
      <Filter>Source Files</Filter>
    </ClCompile>
    <ClCompile Include="W:\DP-Vystup\SW\DP\libs\libyara\proc\mach.c">
      <Filter>Source Files</Filter>
    </ClCompile>
  </ItemGroup>
  <ItemGroup>
    <ClInclude Include="W:\DP-Vystup\SW\DP\libs\libyara\include\yara\ahocorasick.h">
      <Filter>Header Files</Filter>
    </ClInclude>
    <ClInclude Include="W:\DP-Vystup\SW\DP\libs\libyara\include\yara\arena.h">
      <Filter>Header Files</Filter>
    </ClInclude>
    <ClInclude Include="W:\DP-Vystup\SW\DP\libs\libyara\include\yara\atoms.h">
      <Filter>Header Files</Filter>
    </ClInclude>
    <ClInclude Include="W:\DP-Vystup\SW\DP\libs\libyara\include\yara\bitmask.h">
      <Filter>Header Files</Filter>
    </ClInclude>
    <ClInclude Include="W:\DP-Vystup\SW\DP\libs\libyara\include\yara\compiler.h">
      <Filter>Header Files</Filter>
    </ClInclude>
    <ClInclude Include="W:\DP-Vystup\SW\DP\libs\libyara\include\yara\error.h">
      <Filter>Header Files</Filter>
    </ClInclude>
    <ClInclude Include="W:\DP-Vystup\SW\DP\libs\libyara\include\yara\exec.h">
      <Filter>Header Files</Filter>
    </ClInclude>
    <ClInclude Include="W:\DP-Vystup\SW\DP\libs\libyara\include\yara\exefiles.h">
      <Filter>Header Files</Filter>
    </ClInclude>
    <ClInclude Include="W:\DP-Vystup\SW\DP\libs\libyara\include\yara\filemap.h">
      <Filter>Header Files</Filter>
    </ClInclude>
    <ClInclude Include="W:\DP-Vystup\SW\DP\libs\libyara\include\yara\hash.h">
      <Filter>Header Files</Filter>
    </ClInclude>
    <ClInclude Include="W:\DP-Vystup\SW\DP\libs\libyara\include\yara\integers.h">
      <Filter>Header Files</Filter>
    </ClInclude>
    <ClInclude Include="W:\DP-Vystup\SW\DP\libs\libyara\include\yara\libyara.h">
      <Filter>Header Files</Filter>
    </ClInclude>
    <ClInclude Include="W:\DP-Vystup\SW\DP\libs\libyara\include\yara\limits.h">
      <Filter>Header Files</Filter>
    </ClInclude>
    <ClInclude Include="W:\DP-Vystup\SW\DP\libs\libyara\include\yara\mem.h">
      <Filter>Header Files</Filter>
    </ClInclude>
    <ClInclude Include="W:\DP-Vystup\SW\DP\libs\libyara\include\yara\modules.h">
      <Filter>Header Files</Filter>
    </ClInclude>
    <ClInclude Include="W:\DP-Vystup\SW\DP\libs\libyara\include\yara\object.h">
      <Filter>Header Files</Filter>
    </ClInclude>
    <ClInclude Include="W:\DP-Vystup\SW\DP\libs\libyara\include\yara\parser.h">
      <Filter>Header Files</Filter>
    </ClInclude>
    <ClInclude Include="W:\DP-Vystup\SW\DP\libs\libyara\include\yara\proc.h">
      <Filter>Header Files</Filter>
    </ClInclude>
    <ClInclude Include="W:\DP-Vystup\SW\DP\libs\libyara\include\yara\re.h">
      <Filter>Header Files</Filter>
    </ClInclude>
    <ClInclude Include="W:\DP-Vystup\SW\DP\libs\libyara\include\yara\rules.h">
      <Filter>Header Files</Filter>
    </ClInclude>
    <ClInclude Include="W:\DP-Vystup\SW\DP\libs\libyara\include\yara\scan.h">
      <Filter>Header Files</Filter>
    </ClInclude>
    <ClInclude Include="W:\DP-Vystup\SW\DP\libs\libyara\include\yara\scanner.h">
      <Filter>Header Files</Filter>
    </ClInclude>
    <ClInclude Include="W:\DP-Vystup\SW\DP\libs\libyara\include\yara\sizedstr.h">
      <Filter>Header Files</Filter>
    </ClInclude>
    <ClInclude Include="W:\DP-Vystup\SW\DP\libs\libyara\include\yara\stack.h">
      <Filter>Header Files</Filter>
    </ClInclude>
    <ClInclude Include="W:\DP-Vystup\SW\DP\libs\libyara\include\yara\stopwatch.h">
      <Filter>Header Files</Filter>
    </ClInclude>
    <ClInclude Include="W:\DP-Vystup\SW\DP\libs\libyara\include\yara\stream.h">
      <Filter>Header Files</Filter>
    </ClInclude>
    <ClInclude Include="W:\DP-Vystup\SW\DP\libs\libyara\include\yara\strutils.h">
      <Filter>Header Files</Filter>
    </ClInclude>
    <ClInclude Include="W:\DP-Vystup\SW\DP\libs\libyara\include\yara\threading.h">
      <Filter>Header Files</Filter>
    </ClInclude>
    <ClInclude Include="W:\DP-Vystup\SW\DP\libs\libyara\include\yara\types.h">
      <Filter>Header Files</Filter>
    </ClInclude>
    <ClInclude Include="W:\DP-Vystup\SW\DP\libs\libyara\include\yara\utils.h">
      <Filter>Header Files</Filter>
    </ClInclude>
    <ClInclude Include="W:\DP-Vystup\SW\DP\libs\libyara\crypto.h">
      <Filter>Header Files</Filter>
    </ClInclude>
  </ItemGroup>
  <ItemGroup>
    <CustomBuild Include="W:\DP-Vystup\SW\DP\libs\cmake\CMakeLists.txt" />
  </ItemGroup>
  <ItemGroup>
    <None Include="W:\DP-Vystup\SW\DP\libs\libyara\grammar.y" />
    <None Include="W:\DP-Vystup\SW\DP\libs\libyara\hex_grammar.y" />
    <None Include="W:\DP-Vystup\SW\DP\libs\libyara\hex_lexer.l" />
    <None Include="W:\DP-Vystup\SW\DP\libs\libyara\lexer.l" />
    <None Include="W:\DP-Vystup\SW\DP\libs\libyara\re_grammar.y" />
    <None Include="W:\DP-Vystup\SW\DP\libs\libyara\re_lexer.l" />
  </ItemGroup>
  <ItemGroup>
    <Filter Include="Header Files">
      <UniqueIdentifier>{4A1F50B4-E301-38A6-A765-393CEBA00AD2}</UniqueIdentifier>
    </Filter>
    <Filter Include="Source Files">
      <UniqueIdentifier>{A646BC9E-B6EA-3958-BBD0-1B2DCCD01BE5}</UniqueIdentifier>
    </Filter>
  </ItemGroup>
</Project>
