<?xml version="1.0" encoding="utf-8"?>
<Project ToolsVersion="16.0" xmlns="http://schemas.microsoft.com/developer/msbuild/2003">
  <ItemGroup>
    <CustomBuild Include="W:\DP-Vystup\SW\DP\build_yara\CMakeFiles\0b4d16ff35a18265cd2ee108cbdb384b\RUN_TESTS_force.rule">
      <Filter>CMake Rules</Filter>
    </CustomBuild>
  </ItemGroup>
  <ItemGroup>
    <Filter Include="CMake Rules">
      <UniqueIdentifier>{EC203FD7-17DD-32A5-9DD9-3285EC139C95}</UniqueIdentifier>
    </Filter>
  </ItemGroup>
</Project>
