Microsoft Visual Studio Solution File, Format Version 12.00
# Visual Studio 16
Project("{2150E333-8FDC-42A3-9474-1A3956D46DE8}") = "CMakePredefinedTargets", "CMakePredefinedTargets", "{9B0E2DAF-22B1-3032-BA5B-A5A1602272EE}"
EndProject
Project("{2150E333-8FDC-42A3-9474-1A3956D46DE8}") = "Tests", "Tests", "{095E234F-DC02-3D84-85FD-D02410933151}"
EndProject
Project("{8BC9CEB8-8B4A-11D0-8D11-00A0C91BC942}") = "ALL_BUILD", "ALL_BUILD.vcxproj", "{6F0E2B0C-EE86-35C4-9F56-40C8FD098756}"
	ProjectSection(ProjectDependencies) = postProject
		{8AB86FA6-6D9E-35D0-B90F-922FC7D0DB60} = {8AB86FA6-6D9E-35D0-B90F-922FC7D0DB60}
		{8365BA50-49AB-3A4C-97EC-ACB1CB0A5582} = {8365BA50-49AB-3A4C-97EC-ACB1CB0A5582}
		{8DBAECCB-B3E6-3736-A3EF-B8B8C8C9F9D4} = {8DBAECCB-B3E6-3736-A3EF-B8B8C8C9F9D4}
		{A3886A43-3935-3E86-99E5-87D1E632E694} = {A3886A43-3935-3E86-99E5-87D1E632E694}
		{EBC13ED6-0B83-3FB7-A6BC-9A2B48E9E716} = {EBC13ED6-0B83-3FB7-A6BC-9A2B48E9E716}
		{CA0D0231-E728-39E6-8D3F-7DFC6CA0CC34} = {CA0D0231-E728-39E6-8D3F-7DFC6CA0CC34}
		{CEC76E5E-FBE2-3B99-84B8-DABC234B9080} = {CEC76E5E-FBE2-3B99-84B8-DABC234B9080}
		{137FFAFA-00CA-31C4-B1DB-BC135AE7E48D} = {137FFAFA-00CA-31C4-B1DB-BC135AE7E48D}
		{074F9C47-0F5B-316E-B12B-581AE8DBC393} = {074F9C47-0F5B-316E-B12B-581AE8DBC393}
		{3E9B33A3-CC29-3D43-81C9-2C3BF10407D3} = {3E9B33A3-CC29-3D43-81C9-2C3BF10407D3}
		{E0B65429-AC2E-3985-A3BE-1E821462C09E} = {E0B65429-AC2E-3985-A3BE-1E821462C09E}
		{5C2AC99C-6353-35A1-AB33-747DAEBB9B58} = {5C2AC99C-6353-35A1-AB33-747DAEBB9B58}
		{28662F4E-E0EA-373E-B098-6F7D10D63031} = {28662F4E-E0EA-373E-B098-6F7D10D63031}
	EndProjectSection
EndProject
Project("{8BC9CEB8-8B4A-11D0-8D11-00A0C91BC942}") = "INSTALL", "INSTALL.vcxproj", "{D291D419-FCAF-30E4-B577-25E8BE8D7DF3}"
	ProjectSection(ProjectDependencies) = postProject
		{6F0E2B0C-EE86-35C4-9F56-40C8FD098756} = {6F0E2B0C-EE86-35C4-9F56-40C8FD098756}
		{8AB86FA6-6D9E-35D0-B90F-922FC7D0DB60} = {8AB86FA6-6D9E-35D0-B90F-922FC7D0DB60}
	EndProjectSection
EndProject
Project("{8BC9CEB8-8B4A-11D0-8D11-00A0C91BC942}") = "RUN_TESTS", "RUN_TESTS.vcxproj", "{345C842C-7683-37AF-9102-3E22D7BF70A0}"
	ProjectSection(ProjectDependencies) = postProject
		{8AB86FA6-6D9E-35D0-B90F-922FC7D0DB60} = {8AB86FA6-6D9E-35D0-B90F-922FC7D0DB60}
	EndProjectSection
EndProject
Project("{8BC9CEB8-8B4A-11D0-8D11-00A0C91BC942}") = "ZERO_CHECK", "ZERO_CHECK.vcxproj", "{8AB86FA6-6D9E-35D0-B90F-922FC7D0DB60}"
	ProjectSection(ProjectDependencies) = postProject
	EndProjectSection
EndProject
Project("{8BC9CEB8-8B4A-11D0-8D11-00A0C91BC942}") = "alignment", "alignment.vcxproj", "{8365BA50-49AB-3A4C-97EC-ACB1CB0A5582}"
	ProjectSection(ProjectDependencies) = postProject
		{8AB86FA6-6D9E-35D0-B90F-922FC7D0DB60} = {8AB86FA6-6D9E-35D0-B90F-922FC7D0DB60}
		{CEC76E5E-FBE2-3B99-84B8-DABC234B9080} = {CEC76E5E-FBE2-3B99-84B8-DABC234B9080}
	EndProjectSection
EndProject
Project("{8BC9CEB8-8B4A-11D0-8D11-00A0C91BC942}") = "api", "api.vcxproj", "{8DBAECCB-B3E6-3736-A3EF-B8B8C8C9F9D4}"
	ProjectSection(ProjectDependencies) = postProject
		{8AB86FA6-6D9E-35D0-B90F-922FC7D0DB60} = {8AB86FA6-6D9E-35D0-B90F-922FC7D0DB60}
		{CEC76E5E-FBE2-3B99-84B8-DABC234B9080} = {CEC76E5E-FBE2-3B99-84B8-DABC234B9080}
	EndProjectSection
EndProject
Project("{8BC9CEB8-8B4A-11D0-8D11-00A0C91BC942}") = "atoms", "atoms.vcxproj", "{A3886A43-3935-3E86-99E5-87D1E632E694}"
	ProjectSection(ProjectDependencies) = postProject
		{8AB86FA6-6D9E-35D0-B90F-922FC7D0DB60} = {8AB86FA6-6D9E-35D0-B90F-922FC7D0DB60}
		{CEC76E5E-FBE2-3B99-84B8-DABC234B9080} = {CEC76E5E-FBE2-3B99-84B8-DABC234B9080}
	EndProjectSection
EndProject
Project("{8BC9CEB8-8B4A-11D0-8D11-00A0C91BC942}") = "bitmask", "bitmask.vcxproj", "{EBC13ED6-0B83-3FB7-A6BC-9A2B48E9E716}"
	ProjectSection(ProjectDependencies) = postProject
		{8AB86FA6-6D9E-35D0-B90F-922FC7D0DB60} = {8AB86FA6-6D9E-35D0-B90F-922FC7D0DB60}
		{CEC76E5E-FBE2-3B99-84B8-DABC234B9080} = {CEC76E5E-FBE2-3B99-84B8-DABC234B9080}
	EndProjectSection
EndProject
Project("{8BC9CEB8-8B4A-11D0-8D11-00A0C91BC942}") = "elf", "elf.vcxproj", "{CA0D0231-E728-39E6-8D3F-7DFC6CA0CC34}"
	ProjectSection(ProjectDependencies) = postProject
		{8AB86FA6-6D9E-35D0-B90F-922FC7D0DB60} = {8AB86FA6-6D9E-35D0-B90F-922FC7D0DB60}
		{CEC76E5E-FBE2-3B99-84B8-DABC234B9080} = {CEC76E5E-FBE2-3B99-84B8-DABC234B9080}
	EndProjectSection
EndProject
Project("{8BC9CEB8-8B4A-11D0-8D11-00A0C91BC942}") = "libyara", "libyara.vcxproj", "{CEC76E5E-FBE2-3B99-84B8-DABC234B9080}"
	ProjectSection(ProjectDependencies) = postProject
		{8AB86FA6-6D9E-35D0-B90F-922FC7D0DB60} = {8AB86FA6-6D9E-35D0-B90F-922FC7D0DB60}
	EndProjectSection
EndProject
Project("{8BC9CEB8-8B4A-11D0-8D11-00A0C91BC942}") = "math", "math.vcxproj", "{137FFAFA-00CA-31C4-B1DB-BC135AE7E48D}"
	ProjectSection(ProjectDependencies) = postProject
		{8AB86FA6-6D9E-35D0-B90F-922FC7D0DB60} = {8AB86FA6-6D9E-35D0-B90F-922FC7D0DB60}
		{CEC76E5E-FBE2-3B99-84B8-DABC234B9080} = {CEC76E5E-FBE2-3B99-84B8-DABC234B9080}
	EndProjectSection
EndProject
Project("{8BC9CEB8-8B4A-11D0-8D11-00A0C91BC942}") = "pe", "pe.vcxproj", "{074F9C47-0F5B-316E-B12B-581AE8DBC393}"
	ProjectSection(ProjectDependencies) = postProject
		{8AB86FA6-6D9E-35D0-B90F-922FC7D0DB60} = {8AB86FA6-6D9E-35D0-B90F-922FC7D0DB60}
		{CEC76E5E-FBE2-3B99-84B8-DABC234B9080} = {CEC76E5E-FBE2-3B99-84B8-DABC234B9080}
	EndProjectSection
EndProject
Project("{8BC9CEB8-8B4A-11D0-8D11-00A0C91BC942}") = "stack", "stack.vcxproj", "{3E9B33A3-CC29-3D43-81C9-2C3BF10407D3}"
	ProjectSection(ProjectDependencies) = postProject
		{8AB86FA6-6D9E-35D0-B90F-922FC7D0DB60} = {8AB86FA6-6D9E-35D0-B90F-922FC7D0DB60}
		{CEC76E5E-FBE2-3B99-84B8-DABC234B9080} = {CEC76E5E-FBE2-3B99-84B8-DABC234B9080}
	EndProjectSection
EndProject
Project("{8BC9CEB8-8B4A-11D0-8D11-00A0C91BC942}") = "version", "version.vcxproj", "{E0B65429-AC2E-3985-A3BE-1E821462C09E}"
	ProjectSection(ProjectDependencies) = postProject
		{8AB86FA6-6D9E-35D0-B90F-922FC7D0DB60} = {8AB86FA6-6D9E-35D0-B90F-922FC7D0DB60}
		{CEC76E5E-FBE2-3B99-84B8-DABC234B9080} = {CEC76E5E-FBE2-3B99-84B8-DABC234B9080}
	EndProjectSection
EndProject
Project("{8BC9CEB8-8B4A-11D0-8D11-00A0C91BC942}") = "yara", "yara.vcxproj", "{5C2AC99C-6353-35A1-AB33-747DAEBB9B58}"
	ProjectSection(ProjectDependencies) = postProject
		{8AB86FA6-6D9E-35D0-B90F-922FC7D0DB60} = {8AB86FA6-6D9E-35D0-B90F-922FC7D0DB60}
		{CEC76E5E-FBE2-3B99-84B8-DABC234B9080} = {CEC76E5E-FBE2-3B99-84B8-DABC234B9080}
	EndProjectSection
EndProject
Project("{8BC9CEB8-8B4A-11D0-8D11-00A0C91BC942}") = "yarac", "yarac.vcxproj", "{28662F4E-E0EA-373E-B098-6F7D10D63031}"
	ProjectSection(ProjectDependencies) = postProject
		{8AB86FA6-6D9E-35D0-B90F-922FC7D0DB60} = {8AB86FA6-6D9E-35D0-B90F-922FC7D0DB60}
		{CEC76E5E-FBE2-3B99-84B8-DABC234B9080} = {CEC76E5E-FBE2-3B99-84B8-DABC234B9080}
	EndProjectSection
EndProject
Global
	GlobalSection(SolutionConfigurationPlatforms) = preSolution
		Debug|x64 = Debug|x64
		Release|x64 = Release|x64
		MinSizeRel|x64 = MinSizeRel|x64
		RelWithDebInfo|x64 = RelWithDebInfo|x64
	EndGlobalSection
	GlobalSection(ProjectConfigurationPlatforms) = postSolution
		{6F0E2B0C-EE86-35C4-9F56-40C8FD098756}.Debug|x64.ActiveCfg = Debug|x64
		{6F0E2B0C-EE86-35C4-9F56-40C8FD098756}.Debug|x64.Build.0 = Debug|x64
		{6F0E2B0C-EE86-35C4-9F56-40C8FD098756}.Release|x64.ActiveCfg = Release|x64
		{6F0E2B0C-EE86-35C4-9F56-40C8FD098756}.Release|x64.Build.0 = Release|x64
		{6F0E2B0C-EE86-35C4-9F56-40C8FD098756}.MinSizeRel|x64.ActiveCfg = MinSizeRel|x64
		{6F0E2B0C-EE86-35C4-9F56-40C8FD098756}.MinSizeRel|x64.Build.0 = MinSizeRel|x64
		{6F0E2B0C-EE86-35C4-9F56-40C8FD098756}.RelWithDebInfo|x64.ActiveCfg = RelWithDebInfo|x64
		{6F0E2B0C-EE86-35C4-9F56-40C8FD098756}.RelWithDebInfo|x64.Build.0 = RelWithDebInfo|x64
		{D291D419-FCAF-30E4-B577-25E8BE8D7DF3}.Debug|x64.ActiveCfg = Debug|x64
		{D291D419-FCAF-30E4-B577-25E8BE8D7DF3}.Release|x64.ActiveCfg = Release|x64
		{D291D419-FCAF-30E4-B577-25E8BE8D7DF3}.MinSizeRel|x64.ActiveCfg = MinSizeRel|x64
		{D291D419-FCAF-30E4-B577-25E8BE8D7DF3}.RelWithDebInfo|x64.ActiveCfg = RelWithDebInfo|x64
		{345C842C-7683-37AF-9102-3E22D7BF70A0}.Debug|x64.ActiveCfg = Debug|x64
		{345C842C-7683-37AF-9102-3E22D7BF70A0}.Release|x64.ActiveCfg = Release|x64
		{345C842C-7683-37AF-9102-3E22D7BF70A0}.MinSizeRel|x64.ActiveCfg = MinSizeRel|x64
		{345C842C-7683-37AF-9102-3E22D7BF70A0}.RelWithDebInfo|x64.ActiveCfg = RelWithDebInfo|x64
		{8AB86FA6-6D9E-35D0-B90F-922FC7D0DB60}.Debug|x64.ActiveCfg = Debug|x64
		{8AB86FA6-6D9E-35D0-B90F-922FC7D0DB60}.Debug|x64.Build.0 = Debug|x64
		{8AB86FA6-6D9E-35D0-B90F-922FC7D0DB60}.Release|x64.ActiveCfg = Release|x64
		{8AB86FA6-6D9E-35D0-B90F-922FC7D0DB60}.Release|x64.Build.0 = Release|x64
		{8AB86FA6-6D9E-35D0-B90F-922FC7D0DB60}.MinSizeRel|x64.ActiveCfg = MinSizeRel|x64
		{8AB86FA6-6D9E-35D0-B90F-922FC7D0DB60}.MinSizeRel|x64.Build.0 = MinSizeRel|x64
		{8AB86FA6-6D9E-35D0-B90F-922FC7D0DB60}.RelWithDebInfo|x64.ActiveCfg = RelWithDebInfo|x64
		{8AB86FA6-6D9E-35D0-B90F-922FC7D0DB60}.RelWithDebInfo|x64.Build.0 = RelWithDebInfo|x64
		{8365BA50-49AB-3A4C-97EC-ACB1CB0A5582}.Debug|x64.ActiveCfg = Debug|x64
		{8365BA50-49AB-3A4C-97EC-ACB1CB0A5582}.Debug|x64.Build.0 = Debug|x64
		{8365BA50-49AB-3A4C-97EC-ACB1CB0A5582}.Release|x64.ActiveCfg = Release|x64
		{8365BA50-49AB-3A4C-97EC-ACB1CB0A5582}.Release|x64.Build.0 = Release|x64
		{8365BA50-49AB-3A4C-97EC-ACB1CB0A5582}.MinSizeRel|x64.ActiveCfg = MinSizeRel|x64
		{8365BA50-49AB-3A4C-97EC-ACB1CB0A5582}.MinSizeRel|x64.Build.0 = MinSizeRel|x64
		{8365BA50-49AB-3A4C-97EC-ACB1CB0A5582}.RelWithDebInfo|x64.ActiveCfg = RelWithDebInfo|x64
		{8365BA50-49AB-3A4C-97EC-ACB1CB0A5582}.RelWithDebInfo|x64.Build.0 = RelWithDebInfo|x64
		{8DBAECCB-B3E6-3736-A3EF-B8B8C8C9F9D4}.Debug|x64.ActiveCfg = Debug|x64
		{8DBAECCB-B3E6-3736-A3EF-B8B8C8C9F9D4}.Debug|x64.Build.0 = Debug|x64
		{8DBAECCB-B3E6-3736-A3EF-B8B8C8C9F9D4}.Release|x64.ActiveCfg = Release|x64
		{8DBAECCB-B3E6-3736-A3EF-B8B8C8C9F9D4}.Release|x64.Build.0 = Release|x64
		{8DBAECCB-B3E6-3736-A3EF-B8B8C8C9F9D4}.MinSizeRel|x64.ActiveCfg = MinSizeRel|x64
		{8DBAECCB-B3E6-3736-A3EF-B8B8C8C9F9D4}.MinSizeRel|x64.Build.0 = MinSizeRel|x64
		{8DBAECCB-B3E6-3736-A3EF-B8B8C8C9F9D4}.RelWithDebInfo|x64.ActiveCfg = RelWithDebInfo|x64
		{8DBAECCB-B3E6-3736-A3EF-B8B8C8C9F9D4}.RelWithDebInfo|x64.Build.0 = RelWithDebInfo|x64
		{A3886A43-3935-3E86-99E5-87D1E632E694}.Debug|x64.ActiveCfg = Debug|x64
		{A3886A43-3935-3E86-99E5-87D1E632E694}.Debug|x64.Build.0 = Debug|x64
		{A3886A43-3935-3E86-99E5-87D1E632E694}.Release|x64.ActiveCfg = Release|x64
		{A3886A43-3935-3E86-99E5-87D1E632E694}.Release|x64.Build.0 = Release|x64
		{A3886A43-3935-3E86-99E5-87D1E632E694}.MinSizeRel|x64.ActiveCfg = MinSizeRel|x64
		{A3886A43-3935-3E86-99E5-87D1E632E694}.MinSizeRel|x64.Build.0 = MinSizeRel|x64
		{A3886A43-3935-3E86-99E5-87D1E632E694}.RelWithDebInfo|x64.ActiveCfg = RelWithDebInfo|x64
		{A3886A43-3935-3E86-99E5-87D1E632E694}.RelWithDebInfo|x64.Build.0 = RelWithDebInfo|x64
		{EBC13ED6-0B83-3FB7-A6BC-9A2B48E9E716}.Debug|x64.ActiveCfg = Debug|x64
		{EBC13ED6-0B83-3FB7-A6BC-9A2B48E9E716}.Debug|x64.Build.0 = Debug|x64
		{EBC13ED6-0B83-3FB7-A6BC-9A2B48E9E716}.Release|x64.ActiveCfg = Release|x64
		{EBC13ED6-0B83-3FB7-A6BC-9A2B48E9E716}.Release|x64.Build.0 = Release|x64
		{EBC13ED6-0B83-3FB7-A6BC-9A2B48E9E716}.MinSizeRel|x64.ActiveCfg = MinSizeRel|x64
		{EBC13ED6-0B83-3FB7-A6BC-9A2B48E9E716}.MinSizeRel|x64.Build.0 = MinSizeRel|x64
		{EBC13ED6-0B83-3FB7-A6BC-9A2B48E9E716}.RelWithDebInfo|x64.ActiveCfg = RelWithDebInfo|x64
		{EBC13ED6-0B83-3FB7-A6BC-9A2B48E9E716}.RelWithDebInfo|x64.Build.0 = RelWithDebInfo|x64
		{CA0D0231-E728-39E6-8D3F-7DFC6CA0CC34}.Debug|x64.ActiveCfg = Debug|x64
		{CA0D0231-E728-39E6-8D3F-7DFC6CA0CC34}.Debug|x64.Build.0 = Debug|x64
		{CA0D0231-E728-39E6-8D3F-7DFC6CA0CC34}.Release|x64.ActiveCfg = Release|x64
		{CA0D0231-E728-39E6-8D3F-7DFC6CA0CC34}.Release|x64.Build.0 = Release|x64
		{CA0D0231-E728-39E6-8D3F-7DFC6CA0CC34}.MinSizeRel|x64.ActiveCfg = MinSizeRel|x64
		{CA0D0231-E728-39E6-8D3F-7DFC6CA0CC34}.MinSizeRel|x64.Build.0 = MinSizeRel|x64
		{CA0D0231-E728-39E6-8D3F-7DFC6CA0CC34}.RelWithDebInfo|x64.ActiveCfg = RelWithDebInfo|x64
		{CA0D0231-E728-39E6-8D3F-7DFC6CA0CC34}.RelWithDebInfo|x64.Build.0 = RelWithDebInfo|x64
		{CEC76E5E-FBE2-3B99-84B8-DABC234B9080}.Debug|x64.ActiveCfg = Debug|x64
		{CEC76E5E-FBE2-3B99-84B8-DABC234B9080}.Debug|x64.Build.0 = Debug|x64
		{CEC76E5E-FBE2-3B99-84B8-DABC234B9080}.Release|x64.ActiveCfg = Release|x64
		{CEC76E5E-FBE2-3B99-84B8-DABC234B9080}.Release|x64.Build.0 = Release|x64
		{CEC76E5E-FBE2-3B99-84B8-DABC234B9080}.MinSizeRel|x64.ActiveCfg = MinSizeRel|x64
		{CEC76E5E-FBE2-3B99-84B8-DABC234B9080}.MinSizeRel|x64.Build.0 = MinSizeRel|x64
		{CEC76E5E-FBE2-3B99-84B8-DABC234B9080}.RelWithDebInfo|x64.ActiveCfg = RelWithDebInfo|x64
		{CEC76E5E-FBE2-3B99-84B8-DABC234B9080}.RelWithDebInfo|x64.Build.0 = RelWithDebInfo|x64
		{137FFAFA-00CA-31C4-B1DB-BC135AE7E48D}.Debug|x64.ActiveCfg = Debug|x64
		{137FFAFA-00CA-31C4-B1DB-BC135AE7E48D}.Debug|x64.Build.0 = Debug|x64
		{137FFAFA-00CA-31C4-B1DB-BC135AE7E48D}.Release|x64.ActiveCfg = Release|x64
		{137FFAFA-00CA-31C4-B1DB-BC135AE7E48D}.Release|x64.Build.0 = Release|x64
		{137FFAFA-00CA-31C4-B1DB-BC135AE7E48D}.MinSizeRel|x64.ActiveCfg = MinSizeRel|x64
		{137FFAFA-00CA-31C4-B1DB-BC135AE7E48D}.MinSizeRel|x64.Build.0 = MinSizeRel|x64
		{137FFAFA-00CA-31C4-B1DB-BC135AE7E48D}.RelWithDebInfo|x64.ActiveCfg = RelWithDebInfo|x64
		{137FFAFA-00CA-31C4-B1DB-BC135AE7E48D}.RelWithDebInfo|x64.Build.0 = RelWithDebInfo|x64
		{074F9C47-0F5B-316E-B12B-581AE8DBC393}.Debug|x64.ActiveCfg = Debug|x64
		{074F9C47-0F5B-316E-B12B-581AE8DBC393}.Debug|x64.Build.0 = Debug|x64
		{074F9C47-0F5B-316E-B12B-581AE8DBC393}.Release|x64.ActiveCfg = Release|x64
		{074F9C47-0F5B-316E-B12B-581AE8DBC393}.Release|x64.Build.0 = Release|x64
		{074F9C47-0F5B-316E-B12B-581AE8DBC393}.MinSizeRel|x64.ActiveCfg = MinSizeRel|x64
		{074F9C47-0F5B-316E-B12B-581AE8DBC393}.MinSizeRel|x64.Build.0 = MinSizeRel|x64
		{074F9C47-0F5B-316E-B12B-581AE8DBC393}.RelWithDebInfo|x64.ActiveCfg = RelWithDebInfo|x64
		{074F9C47-0F5B-316E-B12B-581AE8DBC393}.RelWithDebInfo|x64.Build.0 = RelWithDebInfo|x64
		{3E9B33A3-CC29-3D43-81C9-2C3BF10407D3}.Debug|x64.ActiveCfg = Debug|x64
		{3E9B33A3-CC29-3D43-81C9-2C3BF10407D3}.Debug|x64.Build.0 = Debug|x64
		{3E9B33A3-CC29-3D43-81C9-2C3BF10407D3}.Release|x64.ActiveCfg = Release|x64
		{3E9B33A3-CC29-3D43-81C9-2C3BF10407D3}.Release|x64.Build.0 = Release|x64
		{3E9B33A3-CC29-3D43-81C9-2C3BF10407D3}.MinSizeRel|x64.ActiveCfg = MinSizeRel|x64
		{3E9B33A3-CC29-3D43-81C9-2C3BF10407D3}.MinSizeRel|x64.Build.0 = MinSizeRel|x64
		{3E9B33A3-CC29-3D43-81C9-2C3BF10407D3}.RelWithDebInfo|x64.ActiveCfg = RelWithDebInfo|x64
		{3E9B33A3-CC29-3D43-81C9-2C3BF10407D3}.RelWithDebInfo|x64.Build.0 = RelWithDebInfo|x64
		{E0B65429-AC2E-3985-A3BE-1E821462C09E}.Debug|x64.ActiveCfg = Debug|x64
		{E0B65429-AC2E-3985-A3BE-1E821462C09E}.Debug|x64.Build.0 = Debug|x64
		{E0B65429-AC2E-3985-A3BE-1E821462C09E}.Release|x64.ActiveCfg = Release|x64
		{E0B65429-AC2E-3985-A3BE-1E821462C09E}.Release|x64.Build.0 = Release|x64
		{E0B65429-AC2E-3985-A3BE-1E821462C09E}.MinSizeRel|x64.ActiveCfg = MinSizeRel|x64
		{E0B65429-AC2E-3985-A3BE-1E821462C09E}.MinSizeRel|x64.Build.0 = MinSizeRel|x64
		{E0B65429-AC2E-3985-A3BE-1E821462C09E}.RelWithDebInfo|x64.ActiveCfg = RelWithDebInfo|x64
		{E0B65429-AC2E-3985-A3BE-1E821462C09E}.RelWithDebInfo|x64.Build.0 = RelWithDebInfo|x64
		{5C2AC99C-6353-35A1-AB33-747DAEBB9B58}.Debug|x64.ActiveCfg = Debug|x64
		{5C2AC99C-6353-35A1-AB33-747DAEBB9B58}.Debug|x64.Build.0 = Debug|x64
		{5C2AC99C-6353-35A1-AB33-747DAEBB9B58}.Release|x64.ActiveCfg = Release|x64
		{5C2AC99C-6353-35A1-AB33-747DAEBB9B58}.Release|x64.Build.0 = Release|x64
		{5C2AC99C-6353-35A1-AB33-747DAEBB9B58}.MinSizeRel|x64.ActiveCfg = MinSizeRel|x64
		{5C2AC99C-6353-35A1-AB33-747DAEBB9B58}.MinSizeRel|x64.Build.0 = MinSizeRel|x64
		{5C2AC99C-6353-35A1-AB33-747DAEBB9B58}.RelWithDebInfo|x64.ActiveCfg = RelWithDebInfo|x64
		{5C2AC99C-6353-35A1-AB33-747DAEBB9B58}.RelWithDebInfo|x64.Build.0 = RelWithDebInfo|x64
		{28662F4E-E0EA-373E-B098-6F7D10D63031}.Debug|x64.ActiveCfg = Debug|x64
		{28662F4E-E0EA-373E-B098-6F7D10D63031}.Debug|x64.Build.0 = Debug|x64
		{28662F4E-E0EA-373E-B098-6F7D10D63031}.Release|x64.ActiveCfg = Release|x64
		{28662F4E-E0EA-373E-B098-6F7D10D63031}.Release|x64.Build.0 = Release|x64
		{28662F4E-E0EA-373E-B098-6F7D10D63031}.MinSizeRel|x64.ActiveCfg = MinSizeRel|x64
		{28662F4E-E0EA-373E-B098-6F7D10D63031}.MinSizeRel|x64.Build.0 = MinSizeRel|x64
		{28662F4E-E0EA-373E-B098-6F7D10D63031}.RelWithDebInfo|x64.ActiveCfg = RelWithDebInfo|x64
		{28662F4E-E0EA-373E-B098-6F7D10D63031}.RelWithDebInfo|x64.Build.0 = RelWithDebInfo|x64
	EndGlobalSection
	GlobalSection(NestedProjects) = preSolution
		{6F0E2B0C-EE86-35C4-9F56-40C8FD098756} = {9B0E2DAF-22B1-3032-BA5B-A5A1602272EE}
		{D291D419-FCAF-30E4-B577-25E8BE8D7DF3} = {9B0E2DAF-22B1-3032-BA5B-A5A1602272EE}
		{345C842C-7683-37AF-9102-3E22D7BF70A0} = {9B0E2DAF-22B1-3032-BA5B-A5A1602272EE}
		{8AB86FA6-6D9E-35D0-B90F-922FC7D0DB60} = {9B0E2DAF-22B1-3032-BA5B-A5A1602272EE}
		{8365BA50-49AB-3A4C-97EC-ACB1CB0A5582} = {095E234F-DC02-3D84-85FD-D02410933151}
		{8DBAECCB-B3E6-3736-A3EF-B8B8C8C9F9D4} = {095E234F-DC02-3D84-85FD-D02410933151}
		{A3886A43-3935-3E86-99E5-87D1E632E694} = {095E234F-DC02-3D84-85FD-D02410933151}
		{EBC13ED6-0B83-3FB7-A6BC-9A2B48E9E716} = {095E234F-DC02-3D84-85FD-D02410933151}
		{CA0D0231-E728-39E6-8D3F-7DFC6CA0CC34} = {095E234F-DC02-3D84-85FD-D02410933151}
		{137FFAFA-00CA-31C4-B1DB-BC135AE7E48D} = {095E234F-DC02-3D84-85FD-D02410933151}
		{074F9C47-0F5B-316E-B12B-581AE8DBC393} = {095E234F-DC02-3D84-85FD-D02410933151}
		{3E9B33A3-CC29-3D43-81C9-2C3BF10407D3} = {095E234F-DC02-3D84-85FD-D02410933151}
		{E0B65429-AC2E-3985-A3BE-1E821462C09E} = {095E234F-DC02-3D84-85FD-D02410933151}
	EndGlobalSection
	GlobalSection(ExtensibilityGlobals) = postSolution
		SolutionGuid = {4104EFA8-E866-37C6-8CC6-2292A54B1C63}
	EndGlobalSection
	GlobalSection(ExtensibilityAddIns) = postSolution
	EndGlobalSection
EndGlobal
